// !$*UTF8*$!
{
	archiveVersion = 1;
	classes = {
	};
	objectVersion = 48;
	objects = {

/* Begin PBXBuildFile section */
		3DB94F701F85158D001687EF /* AppDelegate.swift in Sources */ = {isa = PBXBuildFile; fileRef = 3DB94F6F1F85158D001687EF /* AppDelegate.swift */; };
		3DB94F761F85158D001687EF /* GameScene.swift in Sources */ = {isa = PBXBuildFile; fileRef = 3DB94F751F85158D001687EF /* GameScene.swift */; };
		3DB94F781F85158D001687EF /* GameViewController.swift in Sources */ = {isa = PBXBuildFile; fileRef = 3DB94F771F85158D001687EF /* GameViewController.swift */; };
		3DB94F7B1F85158D001687EF /* Main.storyboard in Resources */ = {isa = PBXBuildFile; fileRef = 3DB94F791F85158D001687EF /* Main.storyboard */; };
		3DB94F7D1F85158D001687EF /* Assets.xcassets in Resources */ = {isa = PBXBuildFile; fileRef = 3DB94F7C1F85158D001687EF /* Assets.xcassets */; };
		3DB94F801F85158D001687EF /* LaunchScreen.storyboard in Resources */ = {isa = PBXBuildFile; fileRef = 3DB94F7E1F85158D001687EF /* LaunchScreen.storyboard */; };
		3DB94F8B1F85158D001687EF /* GameProject__2Tests.swift in Sources */ = {isa = PBXBuildFile; fileRef = 3DB94F8A1F85158D001687EF /* GameProject__2Tests.swift */; };
		3DB94F961F85158D001687EF /* GameProject__2UITests.swift in Sources */ = {isa = PBXBuildFile; fileRef = 3DB94F951F85158D001687EF /* GameProject__2UITests.swift */; };
/* End PBXBuildFile section */

/* Begin PBXContainerItemProxy section */
		3DB94F871F85158D001687EF /* PBXContainerItemProxy */ = {
			isa = PBXContainerItemProxy;
			containerPortal = 3DB94F641F85158C001687EF /* Project object */;
			proxyType = 1;
			remoteGlobalIDString = 3DB94F6B1F85158C001687EF;
			remoteInfo = "GameProject #2";
		};
		3DB94F921F85158D001687EF /* PBXContainerItemProxy */ = {
			isa = PBXContainerItemProxy;
			containerPortal = 3DB94F641F85158C001687EF /* Project object */;
			proxyType = 1;
			remoteGlobalIDString = 3DB94F6B1F85158C001687EF;
			remoteInfo = "GameProject #2";
		};
/* End PBXContainerItemProxy section */

/* Begin PBXFileReference section */
		3DB94F6C1F85158D001687EF /* GameProject #2.app */ = {isa = PBXFileReference; explicitFileType = wrapper.application; includeInIndex = 0; path = "GameProject #2.app"; sourceTree = BUILT_PRODUCTS_DIR; };
		3DB94F6F1F85158D001687EF /* AppDelegate.swift */ = {isa = PBXFileReference; lastKnownFileType = sourcecode.swift; path = AppDelegate.swift; sourceTree = "<group>"; };
		3DB94F751F85158D001687EF /* GameScene.swift */ = {isa = PBXFileReference; lastKnownFileType = sourcecode.swift; path = GameScene.swift; sourceTree = "<group>"; };
		3DB94F771F85158D001687EF /* GameViewController.swift */ = {isa = PBXFileReference; lastKnownFileType = sourcecode.swift; path = GameViewController.swift; sourceTree = "<group>"; };
		3DB94F7A1F85158D001687EF /* Base */ = {isa = PBXFileReference; lastKnownFileType = file.storyboard; name = Base; path = Base.lproj/Main.storyboard; sourceTree = "<group>"; };
		3DB94F7C1F85158D001687EF /* Assets.xcassets */ = {isa = PBXFileReference; lastKnownFileType = folder.assetcatalog; path = Assets.xcassets; sourceTree = "<group>"; };
		3DB94F7F1F85158D001687EF /* Base */ = {isa = PBXFileReference; lastKnownFileType = file.storyboard; name = Base; path = Base.lproj/LaunchScreen.storyboard; sourceTree = "<group>"; };
		3DB94F811F85158D001687EF /* Info.plist */ = {isa = PBXFileReference; lastKnownFileType = text.plist.xml; path = Info.plist; sourceTree = "<group>"; };
		3DB94F861F85158D001687EF /* GameProject #2Tests.xctest */ = {isa = PBXFileReference; explicitFileType = wrapper.cfbundle; includeInIndex = 0; path = "GameProject #2Tests.xctest"; sourceTree = BUILT_PRODUCTS_DIR; };
		3DB94F8A1F85158D001687EF /* GameProject__2Tests.swift */ = {isa = PBXFileReference; lastKnownFileType = sourcecode.swift; path = GameProject__2Tests.swift; sourceTree = "<group>"; };
		3DB94F8C1F85158D001687EF /* Info.plist */ = {isa = PBXFileReference; lastKnownFileType = text.plist.xml; path = Info.plist; sourceTree = "<group>"; };
		3DB94F911F85158D001687EF /* GameProject #2UITests.xctest */ = {isa = PBXFileReference; explicitFileType = wrapper.cfbundle; includeInIndex = 0; path = "GameProject #2UITests.xctest"; sourceTree = BUILT_PRODUCTS_DIR; };
		3DB94F951F85158D001687EF /* GameProject__2UITests.swift */ = {isa = PBXFileReference; lastKnownFileType = sourcecode.swift; path = GameProject__2UITests.swift; sourceTree = "<group>"; };
		3DB94F971F85158D001687EF /* Info.plist */ = {isa = PBXFileReference; lastKnownFileType = text.plist.xml; path = Info.plist; sourceTree = "<group>"; };
/* End PBXFileReference section */

/* Begin PBXFrameworksBuildPhase section */
		3DB94F691F85158C001687EF /* Frameworks */ = {
			isa = PBXFrameworksBuildPhase;
			buildActionMask = 2147483647;
			files = (
			);
			runOnlyForDeploymentPostprocessing = 0;
		};
		3DB94F831F85158D001687EF /* Frameworks */ = {
			isa = PBXFrameworksBuildPhase;
			buildActionMask = 2147483647;
			files = (
			);
			runOnlyForDeploymentPostprocessing = 0;
		};
		3DB94F8E1F85158D001687EF /* Frameworks */ = {
			isa = PBXFrameworksBuildPhase;
			buildActionMask = 2147483647;
			files = (
			);
			runOnlyForDeploymentPostprocessing = 0;
		};
/* End PBXFrameworksBuildPhase section */

/* Begin PBXGroup section */
		3DB94F631F85158C001687EF = {
			isa = PBXGroup;
			children = (
				3DB94F6E1F85158D001687EF /* GameProject #2 */,
				3DB94F891F85158D001687EF /* GameProject #2Tests */,
				3DB94F941F85158D001687EF /* GameProject #2UITests */,
				3DB94F6D1F85158D001687EF /* Products */,
			);
			sourceTree = "<group>";
		};
		3DB94F6D1F85158D001687EF /* Products */ = {
			isa = PBXGroup;
			children = (
				3DB94F6C1F85158D001687EF /* GameProject #2.app */,
				3DB94F861F85158D001687EF /* GameProject #2Tests.xctest */,
				3DB94F911F85158D001687EF /* GameProject #2UITests.xctest */,
			);
			name = Products;
			sourceTree = "<group>";
		};
		3DB94F6E1F85158D001687EF /* GameProject #2 */ = {
			isa = PBXGroup;
			children = (
				3DB94F6F1F85158D001687EF /* AppDelegate.swift */,
				3DB94F751F85158D001687EF /* GameScene.swift */,
				3DB94F771F85158D001687EF /* GameViewController.swift */,
				3DB94F791F85158D001687EF /* Main.storyboard */,
				3DB94F7C1F85158D001687EF /* Assets.xcassets */,
				3DB94F7E1F85158D001687EF /* LaunchScreen.storyboard */,
				3DB94F811F85158D001687EF /* Info.plist */,
			);
			path = "GameProject #2";
			sourceTree = "<group>";
		};
		3DB94F891F85158D001687EF /* GameProject #2Tests */ = {
			isa = PBXGroup;
			children = (
				3DB94F8A1F85158D001687EF /* GameProject__2Tests.swift */,
				3DB94F8C1F85158D001687EF /* Info.plist */,
			);
			path = "GameProject #2Tests";
			sourceTree = "<group>";
		};
		3DB94F941F85158D001687EF /* GameProject #2UITests */ = {
			isa = PBXGroup;
			children = (
				3DB94F951F85158D001687EF /* GameProject__2UITests.swift */,
				3DB94F971F85158D001687EF /* Info.plist */,
			);
			path = "GameProject #2UITests";
			sourceTree = "<group>";
		};
/* End PBXGroup section */

/* Begin PBXNativeTarget section */
		3DB94F6B1F85158C001687EF /* GameProject #2 */ = {
			isa = PBXNativeTarget;
			buildConfigurationList = 3DB94F9A1F85158D001687EF /* Build configuration list for PBXNativeTarget "GameProject #2" */;
			buildPhases = (
				3DB94F681F85158C001687EF /* Sources */,
				3DB94F691F85158C001687EF /* Frameworks */,
				3DB94F6A1F85158C001687EF /* Resources */,
			);
			buildRules = (
			);
			dependencies = (
			);
			name = "GameProject #2";
			productName = "GameProject #2";
			productReference = 3DB94F6C1F85158D001687EF /* GameProject #2.app */;
			productType = "com.apple.product-type.application";
		};
		3DB94F851F85158D001687EF /* GameProject #2Tests */ = {
			isa = PBXNativeTarget;
			buildConfigurationList = 3DB94F9D1F85158D001687EF /* Build configuration list for PBXNativeTarget "GameProject #2Tests" */;
			buildPhases = (
				3DB94F821F85158D001687EF /* Sources */,
				3DB94F831F85158D001687EF /* Frameworks */,
				3DB94F841F85158D001687EF /* Resources */,
			);
			buildRules = (
			);
			dependencies = (
				3DB94F881F85158D001687EF /* PBXTargetDependency */,
			);
			name = "GameProject #2Tests";
			productName = "GameProject #2Tests";
			productReference = 3DB94F861F85158D001687EF /* GameProject #2Tests.xctest */;
			productType = "com.apple.product-type.bundle.unit-test";
		};
		3DB94F901F85158D001687EF /* GameProject #2UITests */ = {
			isa = PBXNativeTarget;
			buildConfigurationList = 3DB94FA01F85158D001687EF /* Build configuration list for PBXNativeTarget "GameProject #2UITests" */;
			buildPhases = (
				3DB94F8D1F85158D001687EF /* Sources */,
				3DB94F8E1F85158D001687EF /* Frameworks */,
				3DB94F8F1F85158D001687EF /* Resources */,
			);
			buildRules = (
			);
			dependencies = (
				3DB94F931F85158D001687EF /* PBXTargetDependency */,
			);
			name = "GameProject #2UITests";
			productName = "GameProject #2UITests";
			productReference = 3DB94F911F85158D001687EF /* GameProject #2UITests.xctest */;
			productType = "com.apple.product-type.bundle.ui-testing";
		};
/* End PBXNativeTarget section */

/* Begin PBXProject section */
		3DB94F641F85158C001687EF /* Project object */ = {
			isa = PBXProject;
			attributes = {
				LastSwiftUpdateCheck = 0900;
				LastUpgradeCheck = 0900;
				ORGANIZATIONNAME = "Alexandr Yanski";
				TargetAttributes = {
					3DB94F6B1F85158C001687EF = {
						CreatedOnToolsVersion = 9.0;
						ProvisioningStyle = Automatic;
					};
					3DB94F851F85158D001687EF = {
						CreatedOnToolsVersion = 9.0;
						ProvisioningStyle = Automatic;
						TestTargetID = 3DB94F6B1F85158C001687EF;
					};
					3DB94F901F85158D001687EF = {
						CreatedOnToolsVersion = 9.0;
						ProvisioningStyle = Automatic;
						TestTargetID = 3DB94F6B1F85158C001687EF;
					};
				};
			};
			buildConfigurationList = 3DB94F671F85158C001687EF /* Build configuration list for PBXProject "GameProject #2" */;
			compatibilityVersion = "Xcode 8.0";
			developmentRegion = en;
			hasScannedForEncodings = 0;
			knownRegions = (
				en,
				Base,
			);
			mainGroup = 3DB94F631F85158C001687EF;
			productRefGroup = 3DB94F6D1F85158D001687EF /* Products */;
			projectDirPath = "";
			projectRoot = "";
			targets = (
				3DB94F6B1F85158C001687EF /* GameProject #2 */,
				3DB94F851F85158D001687EF /* GameProject #2Tests */,
				3DB94F901F85158D001687EF /* GameProject #2UITests */,
			);
		};
/* End PBXProject section */

/* Begin PBXResourcesBuildPhase section */
		3DB94F6A1F85158C001687EF /* Resources */ = {
			isa = PBXResourcesBuildPhase;
			buildActionMask = 2147483647;
			files = (
				3DB94F7B1F85158D001687EF /* Main.storyboard in Resources */,
				3DB94F7D1F85158D001687EF /* Assets.xcassets in Resources */,
				3DB94F801F85158D001687EF /* LaunchScreen.storyboard in Resources */,
			);
			runOnlyForDeploymentPostprocessing = 0;
		};
		3DB94F841F85158D001687EF /* Resources */ = {
			isa = PBXResourcesBuildPhase;
			buildActionMask = 2147483647;
			files = (
			);
			runOnlyForDeploymentPostprocessing = 0;
		};
		3DB94F8F1F85158D001687EF /* Resources */ = {
			isa = PBXResourcesBuildPhase;
			buildActionMask = 2147483647;
			files = (
			);
			runOnlyForDeploymentPostprocessing = 0;
		};
/* End PBXResourcesBuildPhase section */

/* Begin PBXSourcesBuildPhase section */
		3DB94F681F85158C001687EF /* Sources */ = {
			isa = PBXSourcesBuildPhase;
			buildActionMask = 2147483647;
			files = (
				3DB94F761F85158D001687EF /* GameScene.swift in Sources */,
				3DB94F781F85158D001687EF /* GameViewController.swift in Sources */,
				3DB94F701F85158D001687EF /* AppDelegate.swift in Sources */,
			);
			runOnlyForDeploymentPostprocessing = 0;
		};
		3DB94F821F85158D001687EF /* Sources */ = {
			isa = PBXSourcesBuildPhase;
			buildActionMask = 2147483647;
			files = (
				3DB94F8B1F85158D001687EF /* GameProject__2Tests.swift in Sources */,
			);
			runOnlyForDeploymentPostprocessing = 0;
		};
		3DB94F8D1F85158D001687EF /* Sources */ = {
			isa = PBXSourcesBuildPhase;
			buildActionMask = 2147483647;
			files = (
				3DB94F961F85158D001687EF /* GameProject__2UITests.swift in Sources */,
			);
			runOnlyForDeploymentPostprocessing = 0;
		};
/* End PBXSourcesBuildPhase section */

/* Begin PBXTargetDependency section */
		3DB94F881F85158D001687EF /* PBXTargetDependency */ = {
			isa = PBXTargetDependency;
			target = 3DB94F6B1F85158C001687EF /* GameProject #2 */;
			targetProxy = 3DB94F871F85158D001687EF /* PBXContainerItemProxy */;
		};
		3DB94F931F85158D001687EF /* PBXTargetDependency */ = {
			isa = PBXTargetDependency;
			target = 3DB94F6B1F85158C001687EF /* GameProject #2 */;
			targetProxy = 3DB94F921F85158D001687EF /* PBXContainerItemProxy */;
		};
/* End PBXTargetDependency section */

/* Begin PBXVariantGroup section */
		3DB94F791F85158D001687EF /* Main.storyboard */ = {
			isa = PBXVariantGroup;
			children = (
				3DB94F7A1F85158D001687EF /* Base */,
			);
			name = Main.storyboard;
			sourceTree = "<group>";
		};
		3DB94F7E1F85158D001687EF /* LaunchScreen.storyboard */ = {
			isa = PBXVariantGroup;
			children = (
				3DB94F7F1F85158D001687EF /* Base */,
			);
			name = LaunchScreen.storyboard;
			sourceTree = "<group>";
		};
/* End PBXVariantGroup section */

/* Begin XCBuildConfiguration section */
		3DB94F981F85158D001687EF /* Debug */ = {
			isa = XCBuildConfiguration;
			buildSettings = {
				ALWAYS_SEARCH_USER_PATHS = NO;
				CLANG_ANALYZER_NONNULL = YES;
				CLANG_ANALYZER_NUMBER_OBJECT_CONVERSION = YES_AGGRESSIVE;
				CLANG_CXX_LANGUAGE_STANDARD = "gnu++14";
				CLANG_CXX_LIBRARY = "libc++";
				CLANG_ENABLE_MODULES = YES;
				CLANG_ENABLE_OBJC_ARC = YES;
				CLANG_WARN_BLOCK_CAPTURE_AUTORELEASING = YES;
				CLANG_WARN_BOOL_CONVERSION = YES;
				CLANG_WARN_COMMA = YES;
				CLANG_WARN_CONSTANT_CONVERSION = YES;
				CLANG_WARN_DIRECT_OBJC_ISA_USAGE = YES_ERROR;
				CLANG_WARN_DOCUMENTATION_COMMENTS = YES;
				CLANG_WARN_EMPTY_BODY = YES;
				CLANG_WARN_ENUM_CONVERSION = YES;
				CLANG_WARN_INFINITE_RECURSION = YES;
				CLANG_WARN_INT_CONVERSION = YES;
				CLANG_WARN_NON_LITERAL_NULL_CONVERSION = YES;
				CLANG_WARN_OBJC_LITERAL_CONVERSION = YES;
				CLANG_WARN_OBJC_ROOT_CLASS = YES_ERROR;
				CLANG_WARN_RANGE_LOOP_ANALYSIS = YES;
				CLANG_WARN_STRICT_PROTOTYPES = YES;
				CLANG_WARN_SUSPICIOUS_MOVE = YES;
				CLANG_WARN_UNGUARDED_AVAILABILITY = YES_AGGRESSIVE;
				CLANG_WARN_UNREACHABLE_CODE = YES;
				CLANG_WARN__DUPLICATE_METHOD_MATCH = YES;
				CODE_SIGN_IDENTITY = "iPhone Developer";
				COPY_PHASE_STRIP = NO;
				DEBUG_INFORMATION_FORMAT = dwarf;
				ENABLE_STRICT_OBJC_MSGSEND = YES;
				ENABLE_TESTABILITY = YES;
				GCC_C_LANGUAGE_STANDARD = gnu11;
				GCC_DYNAMIC_NO_PIC = NO;
				GCC_NO_COMMON_BLOCKS = YES;
				GCC_OPTIMIZATION_LEVEL = 0;
				GCC_PREPROCESSOR_DEFINITIONS = (
					"DEBUG=1",
					"$(inherited)",
				);
				GCC_WARN_64_TO_32_BIT_CONVERSION = YES;
				GCC_WARN_ABOUT_RETURN_TYPE = YES_ERROR;
				GCC_WARN_UNDECLARED_SELECTOR = YES;
				GCC_WARN_UNINITIALIZED_AUTOS = YES_AGGRESSIVE;
				GCC_WARN_UNUSED_FUNCTION = YES;
				GCC_WARN_UNUSED_VARIABLE = YES;
				IPHONEOS_DEPLOYMENT_TARGET = 11.0;
				MTL_ENABLE_DEBUG_INFO = YES;
				ONLY_ACTIVE_ARCH = YES;
				SDKROOT = iphoneos;
				SWIFT_ACTIVE_COMPILATION_CONDITIONS = DEBUG;
				SWIFT_OPTIMIZATION_LEVEL = "-Onone";
			};
			name = Debug;
		};
		3DB94F991F85158D001687EF /* Release */ = {
			isa = XCBuildConfiguration;
			buildSettings = {
				ALWAYS_SEARCH_USER_PATHS = NO;
				CLANG_ANALYZER_NONNULL = YES;
				CLANG_ANALYZER_NUMBER_OBJECT_CONVERSION = YES_AGGRESSIVE;
				CLANG_CXX_LANGUAGE_STANDARD = "gnu++14";
				CLANG_CXX_LIBRARY = "libc++";
				CLANG_ENABLE_MODULES = YES;
				CLANG_ENABLE_OBJC_ARC = YES;
				CLANG_WARN_BLOCK_CAPTURE_AUTORELEASING = YES;
				CLANG_WARN_BOOL_CONVERSION = YES;
				CLANG_WARN_COMMA = YES;
				CLANG_WARN_CONSTANT_CONVERSION = YES;
				CLANG_WARN_DIRECT_OBJC_ISA_USAGE = YES_ERROR;
				CLANG_WARN_DOCUMENTATION_COMMENTS = YES;
				CLANG_WARN_EMPTY_BODY = YES;
				CLANG_WARN_ENUM_CONVERSION = YES;
				CLANG_WARN_INFINITE_RECURSION = YES;
				CLANG_WARN_INT_CONVERSION = YES;
				CLANG_WARN_NON_LITERAL_NULL_CONVERSION = YES;
				CLANG_WARN_OBJC_LITERAL_CONVERSION = YES;
				CLANG_WARN_OBJC_ROOT_CLASS = YES_ERROR;
				CLANG_WARN_RANGE_LOOP_ANALYSIS = YES;
				CLANG_WARN_STRICT_PROTOTYPES = YES;
				CLANG_WARN_SUSPICIOUS_MOVE = YES;
				CLANG_WARN_UNGUARDED_AVAILABILITY = YES_AGGRESSIVE;
				CLANG_WARN_UNREACHABLE_CODE = YES;
				CLANG_WARN__DUPLICATE_METHOD_MATCH = YES;
				CODE_SIGN_IDENTITY = "iPhone Developer";
				COPY_PHASE_STRIP = NO;
				DEBUG_INFORMATION_FORMAT = "dwarf-with-dsym";
				ENABLE_NS_ASSERTIONS = NO;
				ENABLE_STRICT_OBJC_MSGSEND = YES;
				GCC_C_LANGUAGE_STANDARD = gnu11;
				GCC_NO_COMMON_BLOCKS = YES;
				GCC_WARN_64_TO_32_BIT_CONVERSION = YES;
				GCC_WARN_ABOUT_RETURN_TYPE = YES_ERROR;
				GCC_WARN_UNDECLARED_SELECTOR = YES;
				GCC_WARN_UNINITIALIZED_AUTOS = YES_AGGRESSIVE;
				GCC_WARN_UNUSED_FUNCTION = YES;
				GCC_WARN_UNUSED_VARIABLE = YES;
				IPHONEOS_DEPLOYMENT_TARGET = 11.0;
				MTL_ENABLE_DEBUG_INFO = NO;
				SDKROOT = iphoneos;
				SWIFT_OPTIMIZATION_LEVEL = "-Owholemodule";
				VALIDATE_PRODUCT = YES;
			};
			name = Release;
		};
		3DB94F9B1F85158D001687EF /* Debug */ = {
			isa = XCBuildConfiguration;
			buildSettings = {
				ASSETCATALOG_COMPILER_APPICON_NAME = AppIcon;
				CODE_SIGN_STYLE = Automatic;
				DEVELOPMENT_TEAM = RRULVPPFF3;
				INFOPLIST_FILE = "GameProject #2/Info.plist";
				LD_RUNPATH_SEARCH_PATHS = "$(inherited) @executable_path/Frameworks";
				PRODUCT_BUNDLE_IDENTIFIER = "LonelyTreeStd.GameProject--2";
				PRODUCT_NAME = "$(TARGET_NAME)";
				SWIFT_VERSION = 4.0;
				TARGETED_DEVICE_FAMILY = "1,2";
			};
			name = Debug;
		};
		3DB94F9C1F85158D001687EF /* Release */ = {
			isa = XCBuildConfiguration;
			buildSettings = {
				ASSETCATALOG_COMPILER_APPICON_NAME = AppIcon;
				CODE_SIGN_STYLE = Automatic;
				DEVELOPMENT_TEAM = RRULVPPFF3;
				INFOPLIST_FILE = "GameProject #2/Info.plist";
				LD_RUNPATH_SEARCH_PATHS = "$(inherited) @executable_path/Frameworks";
				PRODUCT_BUNDLE_IDENTIFIER = "LonelyTreeStd.GameProject--2";
				PRODUCT_NAME = "$(TARGET_NAME)";
				SWIFT_VERSION = 4.0;
				TARGETED_DEVICE_FAMILY = "1,2";
			};
			name = Release;
		};
		3DB94F9E1F85158D001687EF /* Debug */ = {
			isa = XCBuildConfiguration;
			buildSettings = {
				ALWAYS_EMBED_SWIFT_STANDARD_LIBRARIES = YES;
				BUNDLE_LOADER = "$(TEST_HOST)";
				CODE_SIGN_STYLE = Automatic;
				DEVELOPMENT_TEAM = RRULVPPFF3;
				INFOPLIST_FILE = "GameProject #2Tests/Info.plist";
				LD_RUNPATH_SEARCH_PATHS = "$(inherited) @executable_path/Frameworks @loader_path/Frameworks";
				PRODUCT_BUNDLE_IDENTIFIER = "LonelyTreeStd.GameProject--2Tests";
				PRODUCT_NAME = "$(TARGET_NAME)";
				SWIFT_VERSION = 4.0;
				TARGETED_DEVICE_FAMILY = "1,2";
				TEST_HOST = "$(BUILT_PRODUCTS_DIR)/GameProject #2.app/GameProject #2";
			};
			name = Debug;
		};
		3DB94F9F1F85158D001687EF /* Release */ = {
			isa = XCBuildConfiguration;
			buildSettings = {
				ALWAYS_EMBED_SWIFT_STANDARD_LIBRARIES = YES;
				BUNDLE_LOADER = "$(TEST_HOST)";
				CODE_SIGN_STYLE = Automatic;
				DEVELOPMENT_TEAM = RRULVPPFF3;
				INFOPLIST_FILE = "GameProject #2Tests/Info.plist";
				LD_RUNPATH_SEARCH_PATHS = "$(inherited) @executable_path/Frameworks @loader_path/Frameworks";
				PRODUCT_BUNDLE_IDENTIFIER = "LonelyTreeStd.GameProject--2Tests";
				PRODUCT_NAME = "$(TARGET_NAME)";
				SWIFT_VERSION = 4.0;
				TARGETED_DEVICE_FAMILY = "1,2";
				TEST_HOST = "$(BUILT_PRODUCTS_DIR)/GameProject #2.app/GameProject #2";
			};
			name = Release;
		};
		3DB94FA11F85158D001687EF /* Debug */ = {
			isa = XCBuildConfiguration;
			buildSettings = {
				ALWAYS_EMBED_SWIFT_STANDARD_LIBRARIES = YES;
				CODE_SIGN_STYLE = Automatic;
				DEVELOPMENT_TEAM = RRULVPPFF3;
				INFOPLIST_FILE = "GameProject #2UITests/Info.plist";
				LD_RUNPATH_SEARCH_PATHS = "$(inherited) @executable_path/Frameworks @loader_path/Frameworks";
				PRODUCT_BUNDLE_IDENTIFIER = "LonelyTreeStd.GameProject--2UITests";
				PRODUCT_NAME = "$(TARGET_NAME)";
				SWIFT_VERSION = 4.0;
				TARGETED_DEVICE_FAMILY = "1,2";
				TEST_TARGET_NAME = "GameProject #2";
			};
			name = Debug;
		};
		3DB94FA21F85158D001687EF /* Release */ = {
			isa = XCBuildConfiguration;
			buildSettings = {
				ALWAYS_EMBED_SWIFT_STANDARD_LIBRARIES = YES;
				CODE_SIGN_STYLE = Automatic;
				DEVELOPMENT_TEAM = RRULVPPFF3;
				INFOPLIST_FILE = "GameProject #2UITests/Info.plist";
				LD_RUNPATH_SEARCH_PATHS = "$(inherited) @executable_path/Frameworks @loader_path/Frameworks";
				PRODUCT_BUNDLE_IDENTIFIER = "LonelyTreeStd.GameProject--2UITests";
				PRODUCT_NAME = "$(TARGET_NAME)";
				SWIFT_VERSION = 4.0;
				TARGETED_DEVICE_FAMILY = "1,2";
				TEST_TARGET_NAME = "GameProject #2";
			};
			name = Release;
		};
/* End XCBuildConfiguration section */

/* Begin XCConfigurationList section */
		3DB94F671F85158C001687EF /* Build configuration list for PBXProject "GameProject #2" */ = {
			isa = XCConfigurationList;
			buildConfigurations = (
				3DB94F981F85158D001687EF /* Debug */,
				3DB94F991F85158D001687EF /* Release */,
			);
			defaultConfigurationIsVisible = 0;
			defaultConfigurationName = Release;
		};
		3DB94F9A1F85158D001687EF /* Build configuration list for PBXNativeTarget "GameProject #2" */ = {
			isa = XCConfigurationList;
			buildConfigurations = (
				3DB94F9B1F85158D001687EF /* Debug */,
				3DB94F9C1F85158D001687EF /* Release */,
			);
			defaultConfigurationIsVisible = 0;
			defaultConfigurationName = Release;
		};
		3DB94F9D1F85158D001687EF /* Build configuration list for PBXNativeTarget "GameProject #2Tests" */ = {
			isa = XCConfigurationList;
			buildConfigurations = (
				3DB94F9E1F85158D001687EF /* Debug */,
				3DB94F9F1F85158D001687EF /* Release */,
			);
			defaultConfigurationIsVisible = 0;
			defaultConfigurationName = Release;
		};
		3DB94FA01F85158D001687EF /* Build configuration list for PBXNativeTarget "GameProject #2UITests" */ = {
			isa = XCConfigurationList;
			buildConfigurations = (
				3DB94FA11F85158D001687EF /* Debug */,
				3DB94FA21F85158D001687EF /* Release */,
			);
			defaultConfigurationIsVisible = 0;
			defaultConfigurationName = Release;
		};
/* End XCConfigurationList section */
	};
	rootObject = 3DB94F641F85158C001687EF /* Project object */;
}
