// !$*UTF8*$!
{
	archiveVersion = 1;
	classes = {
	};
	objectVersion = 46;
	objects = {

/* Begin PBXBuildFile section */
		3D5972BF1E53188700CCC7C6 /* AppDelegate.swift in Sources */ = {isa = PBXBuildFile; fileRef = 3D5972BE1E53188700CCC7C6 /* AppDelegate.swift */; };
		3D5972C11E53188700CCC7C6 /* ViewController.swift in Sources */ = {isa = PBXBuildFile; fileRef = 3D5972C01E53188700CCC7C6 /* ViewController.swift */; };
		3D5972C41E53188700CCC7C6 /* Main.storyboard in Resources */ = {isa = PBXBuildFile; fileRef = 3D5972C21E53188700CCC7C6 /* Main.storyboard */; };
		3D5972C61E53188700CCC7C6 /* Assets.xcassets in Resources */ = {isa = PBXBuildFile; fileRef = 3D5972C51E53188700CCC7C6 /* Assets.xcassets */; };
		3D5972C91E53188700CCC7C6 /* LaunchScreen.storyboard in Resources */ = {isa = PBXBuildFile; fileRef = 3D5972C71E53188700CCC7C6 /* LaunchScreen.storyboard */; };
		3D5972D41E53188700CCC7C6 /* SimpleQuizTests.swift in Sources */ = {isa = PBXBuildFile; fileRef = 3D5972D31E53188700CCC7C6 /* SimpleQuizTests.swift */; };
		3D5972DF1E53188700CCC7C6 /* SimpleQuizUITests.swift in Sources */ = {isa = PBXBuildFile; fileRef = 3D5972DE1E53188700CCC7C6 /* SimpleQuizUITests.swift */; };
		3D5972ED1E53234F00CCC7C6 /* Peanut-butter-jelly-time.gif in Resources */ = {isa = PBXBuildFile; fileRef = 3D5972EC1E53234F00CCC7C6 /* Peanut-butter-jelly-time.gif */; };
		3D5972F11E5370CF00CCC7C6 /* Gif.swift in Sources */ = {isa = PBXBuildFile; fileRef = 3D5972F01E5370CF00CCC7C6 /* Gif.swift */; };
		3D5972F31E5379F000CCC7C6 /* sample.mp3 in Resources */ = {isa = PBXBuildFile; fileRef = 3D5972F21E5379F000CCC7C6 /* sample.mp3 */; };
/* End PBXBuildFile section */

/* Begin PBXContainerItemProxy section */
		3D5972D01E53188700CCC7C6 /* PBXContainerItemProxy */ = {
			isa = PBXContainerItemProxy;
			containerPortal = 3D5972B31E53188600CCC7C6 /* Project object */;
			proxyType = 1;
			remoteGlobalIDString = 3D5972BA1E53188700CCC7C6;
			remoteInfo = SimpleQuiz;
		};
		3D5972DB1E53188700CCC7C6 /* PBXContainerItemProxy */ = {
			isa = PBXContainerItemProxy;
			containerPortal = 3D5972B31E53188600CCC7C6 /* Project object */;
			proxyType = 1;
			remoteGlobalIDString = 3D5972BA1E53188700CCC7C6;
			remoteInfo = SimpleQuiz;
		};
/* End PBXContainerItemProxy section */

/* Begin PBXFileReference section */
		3D5972BB1E53188700CCC7C6 /* SimpleQuiz.app */ = {isa = PBXFileReference; explicitFileType = wrapper.application; includeInIndex = 0; path = SimpleQuiz.app; sourceTree = BUILT_PRODUCTS_DIR; };
		3D5972BE1E53188700CCC7C6 /* AppDelegate.swift */ = {isa = PBXFileReference; lastKnownFileType = sourcecode.swift; path = AppDelegate.swift; sourceTree = "<group>"; };
		3D5972C01E53188700CCC7C6 /* ViewController.swift */ = {isa = PBXFileReference; lastKnownFileType = sourcecode.swift; path = ViewController.swift; sourceTree = "<group>"; };
		3D5972C31E53188700CCC7C6 /* Base */ = {isa = PBXFileReference; lastKnownFileType = file.storyboard; name = Base; path = Base.lproj/Main.storyboard; sourceTree = "<group>"; };
		3D5972C51E53188700CCC7C6 /* Assets.xcassets */ = {isa = PBXFileReference; lastKnownFileType = folder.assetcatalog; path = Assets.xcassets; sourceTree = "<group>"; };
		3D5972C81E53188700CCC7C6 /* Base */ = {isa = PBXFileReference; lastKnownFileType = file.storyboard; name = Base; path = Base.lproj/LaunchScreen.storyboard; sourceTree = "<group>"; };
		3D5972CA1E53188700CCC7C6 /* Info.plist */ = {isa = PBXFileReference; lastKnownFileType = text.plist.xml; path = Info.plist; sourceTree = "<group>"; };
		3D5972CF1E53188700CCC7C6 /* SimpleQuizTests.xctest */ = {isa = PBXFileReference; explicitFileType = wrapper.cfbundle; includeInIndex = 0; path = SimpleQuizTests.xctest; sourceTree = BUILT_PRODUCTS_DIR; };
		3D5972D31E53188700CCC7C6 /* SimpleQuizTests.swift */ = {isa = PBXFileReference; lastKnownFileType = sourcecode.swift; path = SimpleQuizTests.swift; sourceTree = "<group>"; };
		3D5972D51E53188700CCC7C6 /* Info.plist */ = {isa = PBXFileReference; lastKnownFileType = text.plist.xml; path = Info.plist; sourceTree = "<group>"; };
		3D5972DA1E53188700CCC7C6 /* SimpleQuizUITests.xctest */ = {isa = PBXFileReference; explicitFileType = wrapper.cfbundle; includeInIndex = 0; path = SimpleQuizUITests.xctest; sourceTree = BUILT_PRODUCTS_DIR; };
		3D5972DE1E53188700CCC7C6 /* SimpleQuizUITests.swift */ = {isa = PBXFileReference; lastKnownFileType = sourcecode.swift; path = SimpleQuizUITests.swift; sourceTree = "<group>"; };
		3D5972E01E53188700CCC7C6 /* Info.plist */ = {isa = PBXFileReference; lastKnownFileType = text.plist.xml; path = Info.plist; sourceTree = "<group>"; };
		3D5972EC1E53234F00CCC7C6 /* Peanut-butter-jelly-time.gif */ = {isa = PBXFileReference; lastKnownFileType = image.gif; name = "Peanut-butter-jelly-time.gif"; path = "../Peanut-butter-jelly-time.gif"; sourceTree = "<group>"; };
		3D5972F01E5370CF00CCC7C6 /* Gif.swift */ = {isa = PBXFileReference; fileEncoding = 4; lastKnownFileType = sourcecode.swift; name = Gif.swift; path = ../Gif.swift; sourceTree = "<group>"; };
		3D5972F21E5379F000CCC7C6 /* sample.mp3 */ = {isa = PBXFileReference; lastKnownFileType = audio.mp3; path = sample.mp3; sourceTree = "<group>"; };
/* End PBXFileReference section */

/* Begin PBXFrameworksBuildPhase section */
		3D5972B81E53188700CCC7C6 /* Frameworks */ = {
			isa = PBXFrameworksBuildPhase;
			buildActionMask = 2147483647;
			files = (
			);
			runOnlyForDeploymentPostprocessing = 0;
		};
		3D5972CC1E53188700CCC7C6 /* Frameworks */ = {
			isa = PBXFrameworksBuildPhase;
			buildActionMask = 2147483647;
			files = (
			);
			runOnlyForDeploymentPostprocessing = 0;
		};
		3D5972D71E53188700CCC7C6 /* Frameworks */ = {
			isa = PBXFrameworksBuildPhase;
			buildActionMask = 2147483647;
			files = (
			);
			runOnlyForDeploymentPostprocessing = 0;
		};
/* End PBXFrameworksBuildPhase section */

/* Begin PBXGroup section */
		3D5972B21E53188600CCC7C6 = {
			isa = PBXGroup;
			children = (
				3D5972BD1E53188700CCC7C6 /* SimpleQuiz */,
				3D5972D21E53188700CCC7C6 /* SimpleQuizTests */,
				3D5972DD1E53188700CCC7C6 /* SimpleQuizUITests */,
				3D5972BC1E53188700CCC7C6 /* Products */,
			);
			sourceTree = "<group>";
		};
		3D5972BC1E53188700CCC7C6 /* Products */ = {
			isa = PBXGroup;
			children = (
				3D5972BB1E53188700CCC7C6 /* SimpleQuiz.app */,
				3D5972CF1E53188700CCC7C6 /* SimpleQuizTests.xctest */,
				3D5972DA1E53188700CCC7C6 /* SimpleQuizUITests.xctest */,
			);
			name = Products;
			sourceTree = "<group>";
		};
		3D5972BD1E53188700CCC7C6 /* SimpleQuiz */ = {
			isa = PBXGroup;
			children = (
				3D5972BE1E53188700CCC7C6 /* AppDelegate.swift */,
				3D5972F01E5370CF00CCC7C6 /* Gif.swift */,
				3D5972C01E53188700CCC7C6 /* ViewController.swift */,
				3D5972C21E53188700CCC7C6 /* Main.storyboard */,
				3D5972C51E53188700CCC7C6 /* Assets.xcassets */,
				3D5972C71E53188700CCC7C6 /* LaunchScreen.storyboard */,
				3D5972F21E5379F000CCC7C6 /* sample.mp3 */,
				3D5972EC1E53234F00CCC7C6 /* Peanut-butter-jelly-time.gif */,
				3D5972CA1E53188700CCC7C6 /* Info.plist */,
			);
			path = SimpleQuiz;
			sourceTree = "<group>";
		};
		3D5972D21E53188700CCC7C6 /* SimpleQuizTests */ = {
			isa = PBXGroup;
			children = (
				3D5972D31E53188700CCC7C6 /* SimpleQuizTests.swift */,
				3D5972D51E53188700CCC7C6 /* Info.plist */,
			);
			path = SimpleQuizTests;
			sourceTree = "<group>";
		};
		3D5972DD1E53188700CCC7C6 /* SimpleQuizUITests */ = {
			isa = PBXGroup;
			children = (
				3D5972DE1E53188700CCC7C6 /* SimpleQuizUITests.swift */,
				3D5972E01E53188700CCC7C6 /* Info.plist */,
			);
			path = SimpleQuizUITests;
			sourceTree = "<group>";
		};
/* End PBXGroup section */

/* Begin PBXNativeTarget section */
		3D5972BA1E53188700CCC7C6 /* SimpleQuiz */ = {
			isa = PBXNativeTarget;
			buildConfigurationList = 3D5972E31E53188700CCC7C6 /* Build configuration list for PBXNativeTarget "SimpleQuiz" */;
			buildPhases = (
				3D5972B71E53188700CCC7C6 /* Sources */,
				3D5972B81E53188700CCC7C6 /* Frameworks */,
				3D5972B91E53188700CCC7C6 /* Resources */,
			);
			buildRules = (
			);
			dependencies = (
			);
			name = SimpleQuiz;
			productName = SimpleQuiz;
			productReference = 3D5972BB1E53188700CCC7C6 /* SimpleQuiz.app */;
			productType = "com.apple.product-type.application";
		};
		3D5972CE1E53188700CCC7C6 /* SimpleQuizTests */ = {
			isa = PBXNativeTarget;
			buildConfigurationList = 3D5972E61E53188700CCC7C6 /* Build configuration list for PBXNativeTarget "SimpleQuizTests" */;
			buildPhases = (
				3D5972CB1E53188700CCC7C6 /* Sources */,
				3D5972CC1E53188700CCC7C6 /* Frameworks */,
				3D5972CD1E53188700CCC7C6 /* Resources */,
			);
			buildRules = (
			);
			dependencies = (
				3D5972D11E53188700CCC7C6 /* PBXTargetDependency */,
			);
			name = SimpleQuizTests;
			productName = SimpleQuizTests;
			productReference = 3D5972CF1E53188700CCC7C6 /* SimpleQuizTests.xctest */;
			productType = "com.apple.product-type.bundle.unit-test";
		};
		3D5972D91E53188700CCC7C6 /* SimpleQuizUITests */ = {
			isa = PBXNativeTarget;
			buildConfigurationList = 3D5972E91E53188700CCC7C6 /* Build configuration list for PBXNativeTarget "SimpleQuizUITests" */;
			buildPhases = (
				3D5972D61E53188700CCC7C6 /* Sources */,
				3D5972D71E53188700CCC7C6 /* Frameworks */,
				3D5972D81E53188700CCC7C6 /* Resources */,
			);
			buildRules = (
			);
			dependencies = (
				3D5972DC1E53188700CCC7C6 /* PBXTargetDependency */,
			);
			name = SimpleQuizUITests;
			productName = SimpleQuizUITests;
			productReference = 3D5972DA1E53188700CCC7C6 /* SimpleQuizUITests.xctest */;
			productType = "com.apple.product-type.bundle.ui-testing";
		};
/* End PBXNativeTarget section */

/* Begin PBXProject section */
		3D5972B31E53188600CCC7C6 /* Project object */ = {
			isa = PBXProject;
			attributes = {
				LastSwiftUpdateCheck = 0820;
				LastUpgradeCheck = 0820;
				ORGANIZATIONNAME = "Alexandr Yanski";
				TargetAttributes = {
					3D5972BA1E53188700CCC7C6 = {
						CreatedOnToolsVersion = 8.2.1;
						DevelopmentTeam = RRULVPPFF3;
						ProvisioningStyle = Automatic;
					};
					3D5972CE1E53188700CCC7C6 = {
						CreatedOnToolsVersion = 8.2.1;
						DevelopmentTeam = RRULVPPFF3;
						ProvisioningStyle = Automatic;
						TestTargetID = 3D5972BA1E53188700CCC7C6;
					};
					3D5972D91E53188700CCC7C6 = {
						CreatedOnToolsVersion = 8.2.1;
						DevelopmentTeam = RRULVPPFF3;
						ProvisioningStyle = Automatic;
						TestTargetID = 3D5972BA1E53188700CCC7C6;
					};
				};
			};
			buildConfigurationList = 3D5972B61E53188600CCC7C6 /* Build configuration list for PBXProject "SimpleQuiz" */;
			compatibilityVersion = "Xcode 3.2";
			developmentRegion = English;
			hasScannedForEncodings = 0;
			knownRegions = (
				en,
				Base,
			);
			mainGroup = 3D5972B21E53188600CCC7C6;
			productRefGroup = 3D5972BC1E53188700CCC7C6 /* Products */;
			projectDirPath = "";
			projectRoot = "";
			targets = (
				3D5972BA1E53188700CCC7C6 /* SimpleQuiz */,
				3D5972CE1E53188700CCC7C6 /* SimpleQuizTests */,
				3D5972D91E53188700CCC7C6 /* SimpleQuizUITests */,
			);
		};
/* End PBXProject section */

/* Begin PBXResourcesBuildPhase section */
		3D5972B91E53188700CCC7C6 /* Resources */ = {
			isa = PBXResourcesBuildPhase;
			buildActionMask = 2147483647;
			files = (
				3D5972C91E53188700CCC7C6 /* LaunchScreen.storyboard in Resources */,
				3D5972ED1E53234F00CCC7C6 /* Peanut-butter-jelly-time.gif in Resources */,
				3D5972C61E53188700CCC7C6 /* Assets.xcassets in Resources */,
				3D5972C41E53188700CCC7C6 /* Main.storyboard in Resources */,
				3D5972F31E5379F000CCC7C6 /* sample.mp3 in Resources */,
			);
			runOnlyForDeploymentPostprocessing = 0;
		};
		3D5972CD1E53188700CCC7C6 /* Resources */ = {
			isa = PBXResourcesBuildPhase;
			buildActionMask = 2147483647;
			files = (
			);
			runOnlyForDeploymentPostprocessing = 0;
		};
		3D5972D81E53188700CCC7C6 /* Resources */ = {
			isa = PBXResourcesBuildPhase;
			buildActionMask = 2147483647;
			files = (
			);
			runOnlyForDeploymentPostprocessing = 0;
		};
/* End PBXResourcesBuildPhase section */

/* Begin PBXSourcesBuildPhase section */
		3D5972B71E53188700CCC7C6 /* Sources */ = {
			isa = PBXSourcesBuildPhase;
			buildActionMask = 2147483647;
			files = (
				3D5972C11E53188700CCC7C6 /* ViewController.swift in Sources */,
				3D5972BF1E53188700CCC7C6 /* AppDelegate.swift in Sources */,
				3D5972F11E5370CF00CCC7C6 /* Gif.swift in Sources */,
			);
			runOnlyForDeploymentPostprocessing = 0;
		};
		3D5972CB1E53188700CCC7C6 /* Sources */ = {
			isa = PBXSourcesBuildPhase;
			buildActionMask = 2147483647;
			files = (
				3D5972D41E53188700CCC7C6 /* SimpleQuizTests.swift in Sources */,
			);
			runOnlyForDeploymentPostprocessing = 0;
		};
		3D5972D61E53188700CCC7C6 /* Sources */ = {
			isa = PBXSourcesBuildPhase;
			buildActionMask = 2147483647;
			files = (
				3D5972DF1E53188700CCC7C6 /* SimpleQuizUITests.swift in Sources */,
			);
			runOnlyForDeploymentPostprocessing = 0;
		};
/* End PBXSourcesBuildPhase section */

/* Begin PBXTargetDependency section */
		3D5972D11E53188700CCC7C6 /* PBXTargetDependency */ = {
			isa = PBXTargetDependency;
			target = 3D5972BA1E53188700CCC7C6 /* SimpleQuiz */;
			targetProxy = 3D5972D01E53188700CCC7C6 /* PBXContainerItemProxy */;
		};
		3D5972DC1E53188700CCC7C6 /* PBXTargetDependency */ = {
			isa = PBXTargetDependency;
			target = 3D5972BA1E53188700CCC7C6 /* SimpleQuiz */;
			targetProxy = 3D5972DB1E53188700CCC7C6 /* PBXContainerItemProxy */;
		};
/* End PBXTargetDependency section */

/* Begin PBXVariantGroup section */
		3D5972C21E53188700CCC7C6 /* Main.storyboard */ = {
			isa = PBXVariantGroup;
			children = (
				3D5972C31E53188700CCC7C6 /* Base */,
			);
			name = Main.storyboard;
			sourceTree = "<group>";
		};
		3D5972C71E53188700CCC7C6 /* LaunchScreen.storyboard */ = {
			isa = PBXVariantGroup;
			children = (
				3D5972C81E53188700CCC7C6 /* Base */,
			);
			name = LaunchScreen.storyboard;
			sourceTree = "<group>";
		};
/* End PBXVariantGroup section */

/* Begin XCBuildConfiguration section */
		3D5972E11E53188700CCC7C6 /* Debug */ = {
			isa = XCBuildConfiguration;
			buildSettings = {
				ALWAYS_SEARCH_USER_PATHS = NO;
				CLANG_ANALYZER_NONNULL = YES;
				CLANG_CXX_LANGUAGE_STANDARD = "gnu++0x";
				CLANG_CXX_LIBRARY = "libc++";
				CLANG_ENABLE_MODULES = YES;
				CLANG_ENABLE_OBJC_ARC = YES;
				CLANG_WARN_BOOL_CONVERSION = YES;
				CLANG_WARN_CONSTANT_CONVERSION = YES;
				CLANG_WARN_DIRECT_OBJC_ISA_USAGE = YES_ERROR;
				CLANG_WARN_DOCUMENTATION_COMMENTS = YES;
				CLANG_WARN_EMPTY_BODY = YES;
				CLANG_WARN_ENUM_CONVERSION = YES;
				CLANG_WARN_INFINITE_RECURSION = YES;
				CLANG_WARN_INT_CONVERSION = YES;
				CLANG_WARN_OBJC_ROOT_CLASS = YES_ERROR;
				CLANG_WARN_SUSPICIOUS_MOVE = YES;
				CLANG_WARN_UNREACHABLE_CODE = YES;
				CLANG_WARN__DUPLICATE_METHOD_MATCH = YES;
				"CODE_SIGN_IDENTITY[sdk=iphoneos*]" = "iPhone Developer";
				COPY_PHASE_STRIP = NO;
				DEBUG_INFORMATION_FORMAT = dwarf;
				ENABLE_STRICT_OBJC_MSGSEND = YES;
				ENABLE_TESTABILITY = YES;
				GCC_C_LANGUAGE_STANDARD = gnu99;
				GCC_DYNAMIC_NO_PIC = NO;
				GCC_NO_COMMON_BLOCKS = YES;
				GCC_OPTIMIZATION_LEVEL = 0;
				GCC_PREPROCESSOR_DEFINITIONS = (
					"DEBUG=1",
					"$(inherited)",
				);
				GCC_WARN_64_TO_32_BIT_CONVERSION = YES;
				GCC_WARN_ABOUT_RETURN_TYPE = YES_ERROR;
				GCC_WARN_UNDECLARED_SELECTOR = YES;
				GCC_WARN_UNINITIALIZED_AUTOS = YES_AGGRESSIVE;
				GCC_WARN_UNUSED_FUNCTION = YES;
				GCC_WARN_UNUSED_VARIABLE = YES;
				IPHONEOS_DEPLOYMENT_TARGET = 10.2;
				MTL_ENABLE_DEBUG_INFO = YES;
				ONLY_ACTIVE_ARCH = YES;
				SDKROOT = iphoneos;
				SWIFT_ACTIVE_COMPILATION_CONDITIONS = DEBUG;
				SWIFT_OPTIMIZATION_LEVEL = "-Onone";
				TARGETED_DEVICE_FAMILY = "1,2";
			};
			name = Debug;
		};
		3D5972E21E53188700CCC7C6 /* Release */ = {
			isa = XCBuildConfiguration;
			buildSettings = {
				ALWAYS_SEARCH_USER_PATHS = NO;
				CLANG_ANALYZER_NONNULL = YES;
				CLANG_CXX_LANGUAGE_STANDARD = "gnu++0x";
				CLANG_CXX_LIBRARY = "libc++";
				CLANG_ENABLE_MODULES = YES;
				CLANG_ENABLE_OBJC_ARC = YES;
				CLANG_WARN_BOOL_CONVERSION = YES;
				CLANG_WARN_CONSTANT_CONVERSION = YES;
				CLANG_WARN_DIRECT_OBJC_ISA_USAGE = YES_ERROR;
				CLANG_WARN_DOCUMENTATION_COMMENTS = YES;
				CLANG_WARN_EMPTY_BODY = YES;
				CLANG_WARN_ENUM_CONVERSION = YES;
				CLANG_WARN_INFINITE_RECURSION = YES;
				CLANG_WARN_INT_CONVERSION = YES;
				CLANG_WARN_OBJC_ROOT_CLASS = YES_ERROR;
				CLANG_WARN_SUSPICIOUS_MOVE = YES;
				CLANG_WARN_UNREACHABLE_CODE = YES;
				CLANG_WARN__DUPLICATE_METHOD_MATCH = YES;
				"CODE_SIGN_IDENTITY[sdk=iphoneos*]" = "iPhone Developer";
				COPY_PHASE_STRIP = NO;
				DEBUG_INFORMATION_FORMAT = "dwarf-with-dsym";
				ENABLE_NS_ASSERTIONS = NO;
				ENABLE_STRICT_OBJC_MSGSEND = YES;
				GCC_C_LANGUAGE_STANDARD = gnu99;
				GCC_NO_COMMON_BLOCKS = YES;
				GCC_WARN_64_TO_32_BIT_CONVERSION = YES;
				GCC_WARN_ABOUT_RETURN_TYPE = YES_ERROR;
				GCC_WARN_UNDECLARED_SELECTOR = YES;
				GCC_WARN_UNINITIALIZED_AUTOS = YES_AGGRESSIVE;
				GCC_WARN_UNUSED_FUNCTION = YES;
				GCC_WARN_UNUSED_VARIABLE = YES;
				IPHONEOS_DEPLOYMENT_TARGET = 10.2;
				MTL_ENABLE_DEBUG_INFO = NO;
				SDKROOT = iphoneos;
				SWIFT_OPTIMIZATION_LEVEL = "-Owholemodule";
				TARGETED_DEVICE_FAMILY = "1,2";
				VALIDATE_PRODUCT = YES;
			};
			name = Release;
		};
		3D5972E41E53188700CCC7C6 /* Debug */ = {
			isa = XCBuildConfiguration;
			buildSettings = {
				ASSETCATALOG_COMPILER_APPICON_NAME = AppIcon;
				DEVELOPMENT_TEAM = RRULVPPFF3;
				INFOPLIST_FILE = SimpleQuiz/Info.plist;
				LD_RUNPATH_SEARCH_PATHS = "$(inherited) @executable_path/Frameworks";
				PRODUCT_BUNDLE_IDENTIFIER = LonelyTreeStd.SimpleQuiz;
				PRODUCT_NAME = "$(TARGET_NAME)";
				SWIFT_VERSION = 3.0;
			};
			name = Debug;
		};
		3D5972E51E53188700CCC7C6 /* Release */ = {
			isa = XCBuildConfiguration;
			buildSettings = {
				ASSETCATALOG_COMPILER_APPICON_NAME = AppIcon;
				DEVELOPMENT_TEAM = RRULVPPFF3;
				INFOPLIST_FILE = SimpleQuiz/Info.plist;
				LD_RUNPATH_SEARCH_PATHS = "$(inherited) @executable_path/Frameworks";
				PRODUCT_BUNDLE_IDENTIFIER = LonelyTreeStd.SimpleQuiz;
				PRODUCT_NAME = "$(TARGET_NAME)";
				SWIFT_VERSION = 3.0;
			};
			name = Release;
		};
		3D5972E71E53188700CCC7C6 /* Debug */ = {
			isa = XCBuildConfiguration;
			buildSettings = {
				ALWAYS_EMBED_SWIFT_STANDARD_LIBRARIES = YES;
				BUNDLE_LOADER = "$(TEST_HOST)";
				DEVELOPMENT_TEAM = RRULVPPFF3;
				INFOPLIST_FILE = SimpleQuizTests/Info.plist;
				LD_RUNPATH_SEARCH_PATHS = "$(inherited) @executable_path/Frameworks @loader_path/Frameworks";
				PRODUCT_BUNDLE_IDENTIFIER = "Lonely-Tree-Std.SimpleQuizTests";
				PRODUCT_NAME = "$(TARGET_NAME)";
				SWIFT_VERSION = 3.0;
				TEST_HOST = "$(BUILT_PRODUCTS_DIR)/SimpleQuiz.app/SimpleQuiz";
			};
			name = Debug;
		};
		3D5972E81E53188700CCC7C6 /* Release */ = {
			isa = XCBuildConfiguration;
			buildSettings = {
				ALWAYS_EMBED_SWIFT_STANDARD_LIBRARIES = YES;
				BUNDLE_LOADER = "$(TEST_HOST)";
				DEVELOPMENT_TEAM = RRULVPPFF3;
				INFOPLIST_FILE = SimpleQuizTests/Info.plist;
				LD_RUNPATH_SEARCH_PATHS = "$(inherited) @executable_path/Frameworks @loader_path/Frameworks";
				PRODUCT_BUNDLE_IDENTIFIER = "Lonely-Tree-Std.SimpleQuizTests";
				PRODUCT_NAME = "$(TARGET_NAME)";
				SWIFT_VERSION = 3.0;
				TEST_HOST = "$(BUILT_PRODUCTS_DIR)/SimpleQuiz.app/SimpleQuiz";
			};
			name = Release;
		};
		3D5972EA1E53188700CCC7C6 /* Debug */ = {
			isa = XCBuildConfiguration;
			buildSettings = {
				ALWAYS_EMBED_SWIFT_STANDARD_LIBRARIES = YES;
				DEVELOPMENT_TEAM = RRULVPPFF3;
				INFOPLIST_FILE = SimpleQuizUITests/Info.plist;
				LD_RUNPATH_SEARCH_PATHS = "$(inherited) @executable_path/Frameworks @loader_path/Frameworks";
				PRODUCT_BUNDLE_IDENTIFIER = "Lonely-Tree-Std.SimpleQuizUITests";
				PRODUCT_NAME = "$(TARGET_NAME)";
				SWIFT_VERSION = 3.0;
				TEST_TARGET_NAME = SimpleQuiz;
			};
			name = Debug;
		};
		3D5972EB1E53188700CCC7C6 /* Release */ = {
			isa = XCBuildConfiguration;
			buildSettings = {
				ALWAYS_EMBED_SWIFT_STANDARD_LIBRARIES = YES;
				DEVELOPMENT_TEAM = RRULVPPFF3;
				INFOPLIST_FILE = SimpleQuizUITests/Info.plist;
				LD_RUNPATH_SEARCH_PATHS = "$(inherited) @executable_path/Frameworks @loader_path/Frameworks";
				PRODUCT_BUNDLE_IDENTIFIER = "Lonely-Tree-Std.SimpleQuizUITests";
				PRODUCT_NAME = "$(TARGET_NAME)";
				SWIFT_VERSION = 3.0;
				TEST_TARGET_NAME = SimpleQuiz;
			};
			name = Release;
		};
/* End XCBuildConfiguration section */

/* Begin XCConfigurationList section */
		3D5972B61E53188600CCC7C6 /* Build configuration list for PBXProject "SimpleQuiz" */ = {
			isa = XCConfigurationList;
			buildConfigurations = (
				3D5972E11E53188700CCC7C6 /* Debug */,
				3D5972E21E53188700CCC7C6 /* Release */,
			);
			defaultConfigurationIsVisible = 0;
			defaultConfigurationName = Release;
		};
		3D5972E31E53188700CCC7C6 /* Build configuration list for PBXNativeTarget "SimpleQuiz" */ = {
			isa = XCConfigurationList;
			buildConfigurations = (
				3D5972E41E53188700CCC7C6 /* Debug */,
				3D5972E51E53188700CCC7C6 /* Release */,
			);
			defaultConfigurationIsVisible = 0;
		};
		3D5972E61E53188700CCC7C6 /* Build configuration list for PBXNativeTarget "SimpleQuizTests" */ = {
			isa = XCConfigurationList;
			buildConfigurations = (
				3D5972E71E53188700CCC7C6 /* Debug */,
				3D5972E81E53188700CCC7C6 /* Release */,
			);
			defaultConfigurationIsVisible = 0;
		};
		3D5972E91E53188700CCC7C6 /* Build configuration list for PBXNativeTarget "SimpleQuizUITests" */ = {
			isa = XCConfigurationList;
			buildConfigurations = (
				3D5972EA1E53188700CCC7C6 /* Debug */,
				3D5972EB1E53188700CCC7C6 /* Release */,
			);
			defaultConfigurationIsVisible = 0;
		};
/* End XCConfigurationList section */
	};
	rootObject = 3D5972B31E53188600CCC7C6 /* Project object */;
}
