// !$*UTF8*$!
{
	archiveVersion = 1;
	classes = {
	};
	objectVersion = 46;
	objects = {

/* Begin PBXBuildFile section */
		3DE9630F1E2E81E4006F280F /* AppDelegate.swift in Sources */ = {isa = PBXBuildFile; fileRef = 3DE9630E1E2E81E4006F280F /* AppDelegate.swift */; };
		3DE963131E2E81E4006F280F /* GameViewController.swift in Sources */ = {isa = PBXBuildFile; fileRef = 3DE963121E2E81E4006F280F /* GameViewController.swift */; };
		3DE963161E2E81E4006F280F /* Main.storyboard in Resources */ = {isa = PBXBuildFile; fileRef = 3DE963141E2E81E4006F280F /* Main.storyboard */; };
		3DE963181E2E81E4006F280F /* Assets.xcassets in Resources */ = {isa = PBXBuildFile; fileRef = 3DE963171E2E81E4006F280F /* Assets.xcassets */; };
		3DE9631B1E2E81E4006F280F /* LaunchScreen.storyboard in Resources */ = {isa = PBXBuildFile; fileRef = 3DE963191E2E81E4006F280F /* LaunchScreen.storyboard */; };
		3DE963261E2E81E4006F280F /* PR_3_Simple3DGame_Tests.swift in Sources */ = {isa = PBXBuildFile; fileRef = 3DE963251E2E81E4006F280F /* PR_3_Simple3DGame_Tests.swift */; };
		3DE963311E2E81E4006F280F /* PR_3_Simple3DGame_UITests.swift in Sources */ = {isa = PBXBuildFile; fileRef = 3DE963301E2E81E4006F280F /* PR_3_Simple3DGame_UITests.swift */; };
/* End PBXBuildFile section */

/* Begin PBXContainerItemProxy section */
		3DE963221E2E81E4006F280F /* PBXContainerItemProxy */ = {
			isa = PBXContainerItemProxy;
			containerPortal = 3DE963031E2E81E4006F280F /* Project object */;
			proxyType = 1;
			remoteGlobalIDString = 3DE9630A1E2E81E4006F280F;
			remoteInfo = "PR_3(Simple3DGame)";
		};
		3DE9632D1E2E81E4006F280F /* PBXContainerItemProxy */ = {
			isa = PBXContainerItemProxy;
			containerPortal = 3DE963031E2E81E4006F280F /* Project object */;
			proxyType = 1;
			remoteGlobalIDString = 3DE9630A1E2E81E4006F280F;
			remoteInfo = "PR_3(Simple3DGame)";
		};
/* End PBXContainerItemProxy section */

/* Begin PBXFileReference section */
		3DE9630B1E2E81E4006F280F /* PR_3(Simple3DGame).app */ = {isa = PBXFileReference; explicitFileType = wrapper.application; includeInIndex = 0; path = "PR_3(Simple3DGame).app"; sourceTree = BUILT_PRODUCTS_DIR; };
		3DE9630E1E2E81E4006F280F /* AppDelegate.swift */ = {isa = PBXFileReference; lastKnownFileType = sourcecode.swift; path = AppDelegate.swift; sourceTree = "<group>"; };
		3DE963121E2E81E4006F280F /* GameViewController.swift */ = {isa = PBXFileReference; lastKnownFileType = sourcecode.swift; path = GameViewController.swift; sourceTree = "<group>"; };
		3DE963151E2E81E4006F280F /* Base */ = {isa = PBXFileReference; lastKnownFileType = file.storyboard; name = Base; path = Base.lproj/Main.storyboard; sourceTree = "<group>"; };
		3DE963171E2E81E4006F280F /* Assets.xcassets */ = {isa = PBXFileReference; lastKnownFileType = folder.assetcatalog; path = Assets.xcassets; sourceTree = "<group>"; };
		3DE9631A1E2E81E4006F280F /* Base */ = {isa = PBXFileReference; lastKnownFileType = file.storyboard; name = Base; path = Base.lproj/LaunchScreen.storyboard; sourceTree = "<group>"; };
		3DE9631C1E2E81E4006F280F /* Info.plist */ = {isa = PBXFileReference; lastKnownFileType = text.plist.xml; path = Info.plist; sourceTree = "<group>"; };
		3DE963211E2E81E4006F280F /* PR_3(Simple3DGame)Tests.xctest */ = {isa = PBXFileReference; explicitFileType = wrapper.cfbundle; includeInIndex = 0; path = "PR_3(Simple3DGame)Tests.xctest"; sourceTree = BUILT_PRODUCTS_DIR; };
		3DE963251E2E81E4006F280F /* PR_3_Simple3DGame_Tests.swift */ = {isa = PBXFileReference; lastKnownFileType = sourcecode.swift; path = PR_3_Simple3DGame_Tests.swift; sourceTree = "<group>"; };
		3DE963271E2E81E4006F280F /* Info.plist */ = {isa = PBXFileReference; lastKnownFileType = text.plist.xml; path = Info.plist; sourceTree = "<group>"; };
		3DE9632C1E2E81E4006F280F /* PR_3(Simple3DGame)UITests.xctest */ = {isa = PBXFileReference; explicitFileType = wrapper.cfbundle; includeInIndex = 0; path = "PR_3(Simple3DGame)UITests.xctest"; sourceTree = BUILT_PRODUCTS_DIR; };
		3DE963301E2E81E4006F280F /* PR_3_Simple3DGame_UITests.swift */ = {isa = PBXFileReference; lastKnownFileType = sourcecode.swift; path = PR_3_Simple3DGame_UITests.swift; sourceTree = "<group>"; };
		3DE963321E2E81E4006F280F /* Info.plist */ = {isa = PBXFileReference; lastKnownFileType = text.plist.xml; path = Info.plist; sourceTree = "<group>"; };
/* End PBXFileReference section */

/* Begin PBXFrameworksBuildPhase section */
		3DE963081E2E81E4006F280F /* Frameworks */ = {
			isa = PBXFrameworksBuildPhase;
			buildActionMask = 2147483647;
			files = (
			);
			runOnlyForDeploymentPostprocessing = 0;
		};
		3DE9631E1E2E81E4006F280F /* Frameworks */ = {
			isa = PBXFrameworksBuildPhase;
			buildActionMask = 2147483647;
			files = (
			);
			runOnlyForDeploymentPostprocessing = 0;
		};
		3DE963291E2E81E4006F280F /* Frameworks */ = {
			isa = PBXFrameworksBuildPhase;
			buildActionMask = 2147483647;
			files = (
			);
			runOnlyForDeploymentPostprocessing = 0;
		};
/* End PBXFrameworksBuildPhase section */

/* Begin PBXGroup section */
		3DE963021E2E81E4006F280F = {
			isa = PBXGroup;
			children = (
				3DE9630D1E2E81E4006F280F /* PR_3(Simple3DGame) */,
				3DE963241E2E81E4006F280F /* PR_3(Simple3DGame)Tests */,
				3DE9632F1E2E81E4006F280F /* PR_3(Simple3DGame)UITests */,
				3DE9630C1E2E81E4006F280F /* Products */,
			);
			sourceTree = "<group>";
		};
		3DE9630C1E2E81E4006F280F /* Products */ = {
			isa = PBXGroup;
			children = (
				3DE9630B1E2E81E4006F280F /* PR_3(Simple3DGame).app */,
				3DE963211E2E81E4006F280F /* PR_3(Simple3DGame)Tests.xctest */,
				3DE9632C1E2E81E4006F280F /* PR_3(Simple3DGame)UITests.xctest */,
			);
			name = Products;
			sourceTree = "<group>";
		};
		3DE9630D1E2E81E4006F280F /* PR_3(Simple3DGame) */ = {
			isa = PBXGroup;
			children = (
				3DE9630E1E2E81E4006F280F /* AppDelegate.swift */,
				3DE963121E2E81E4006F280F /* GameViewController.swift */,
				3DE963141E2E81E4006F280F /* Main.storyboard */,
				3DE963171E2E81E4006F280F /* Assets.xcassets */,
				3DE963191E2E81E4006F280F /* LaunchScreen.storyboard */,
				3DE9631C1E2E81E4006F280F /* Info.plist */,
			);
			path = "PR_3(Simple3DGame)";
			sourceTree = "<group>";
		};
		3DE963241E2E81E4006F280F /* PR_3(Simple3DGame)Tests */ = {
			isa = PBXGroup;
			children = (
				3DE963251E2E81E4006F280F /* PR_3_Simple3DGame_Tests.swift */,
				3DE963271E2E81E4006F280F /* Info.plist */,
			);
			path = "PR_3(Simple3DGame)Tests";
			sourceTree = "<group>";
		};
		3DE9632F1E2E81E4006F280F /* PR_3(Simple3DGame)UITests */ = {
			isa = PBXGroup;
			children = (
				3DE963301E2E81E4006F280F /* PR_3_Simple3DGame_UITests.swift */,
				3DE963321E2E81E4006F280F /* Info.plist */,
			);
			path = "PR_3(Simple3DGame)UITests";
			sourceTree = "<group>";
		};
/* End PBXGroup section */

/* Begin PBXNativeTarget section */
		3DE9630A1E2E81E4006F280F /* PR_3(Simple3DGame) */ = {
			isa = PBXNativeTarget;
			buildConfigurationList = 3DE963351E2E81E4006F280F /* Build configuration list for PBXNativeTarget "PR_3(Simple3DGame)" */;
			buildPhases = (
				3DE963071E2E81E4006F280F /* Sources */,
				3DE963081E2E81E4006F280F /* Frameworks */,
				3DE963091E2E81E4006F280F /* Resources */,
			);
			buildRules = (
			);
			dependencies = (
			);
			name = "PR_3(Simple3DGame)";
			productName = "PR_3(Simple3DGame)";
			productReference = 3DE9630B1E2E81E4006F280F /* PR_3(Simple3DGame).app */;
			productType = "com.apple.product-type.application";
		};
		3DE963201E2E81E4006F280F /* PR_3(Simple3DGame)Tests */ = {
			isa = PBXNativeTarget;
			buildConfigurationList = 3DE963381E2E81E4006F280F /* Build configuration list for PBXNativeTarget "PR_3(Simple3DGame)Tests" */;
			buildPhases = (
				3DE9631D1E2E81E4006F280F /* Sources */,
				3DE9631E1E2E81E4006F280F /* Frameworks */,
				3DE9631F1E2E81E4006F280F /* Resources */,
			);
			buildRules = (
			);
			dependencies = (
				3DE963231E2E81E4006F280F /* PBXTargetDependency */,
			);
			name = "PR_3(Simple3DGame)Tests";
			productName = "PR_3(Simple3DGame)Tests";
			productReference = 3DE963211E2E81E4006F280F /* PR_3(Simple3DGame)Tests.xctest */;
			productType = "com.apple.product-type.bundle.unit-test";
		};
		3DE9632B1E2E81E4006F280F /* PR_3(Simple3DGame)UITests */ = {
			isa = PBXNativeTarget;
			buildConfigurationList = 3DE9633B1E2E81E4006F280F /* Build configuration list for PBXNativeTarget "PR_3(Simple3DGame)UITests" */;
			buildPhases = (
				3DE963281E2E81E4006F280F /* Sources */,
				3DE963291E2E81E4006F280F /* Frameworks */,
				3DE9632A1E2E81E4006F280F /* Resources */,
			);
			buildRules = (
			);
			dependencies = (
				3DE9632E1E2E81E4006F280F /* PBXTargetDependency */,
			);
			name = "PR_3(Simple3DGame)UITests";
			productName = "PR_3(Simple3DGame)UITests";
			productReference = 3DE9632C1E2E81E4006F280F /* PR_3(Simple3DGame)UITests.xctest */;
			productType = "com.apple.product-type.bundle.ui-testing";
		};
/* End PBXNativeTarget section */

/* Begin PBXProject section */
		3DE963031E2E81E4006F280F /* Project object */ = {
			isa = PBXProject;
			attributes = {
				LastSwiftUpdateCheck = 0820;
				LastUpgradeCheck = 0820;
				ORGANIZATIONNAME = "Lonley Tree Std.";
				TargetAttributes = {
					3DE9630A1E2E81E4006F280F = {
						CreatedOnToolsVersion = 8.2;
						ProvisioningStyle = Automatic;
					};
					3DE963201E2E81E4006F280F = {
						CreatedOnToolsVersion = 8.2;
						ProvisioningStyle = Automatic;
						TestTargetID = 3DE9630A1E2E81E4006F280F;
					};
					3DE9632B1E2E81E4006F280F = {
						CreatedOnToolsVersion = 8.2;
						ProvisioningStyle = Automatic;
						TestTargetID = 3DE9630A1E2E81E4006F280F;
					};
				};
			};
			buildConfigurationList = 3DE963061E2E81E4006F280F /* Build configuration list for PBXProject "PR_3(Simple3DGame)" */;
			compatibilityVersion = "Xcode 3.2";
			developmentRegion = English;
			hasScannedForEncodings = 0;
			knownRegions = (
				en,
				Base,
			);
			mainGroup = 3DE963021E2E81E4006F280F;
			productRefGroup = 3DE9630C1E2E81E4006F280F /* Products */;
			projectDirPath = "";
			projectRoot = "";
			targets = (
				3DE9630A1E2E81E4006F280F /* PR_3(Simple3DGame) */,
				3DE963201E2E81E4006F280F /* PR_3(Simple3DGame)Tests */,
				3DE9632B1E2E81E4006F280F /* PR_3(Simple3DGame)UITests */,
			);
		};
/* End PBXProject section */

/* Begin PBXResourcesBuildPhase section */
		3DE963091E2E81E4006F280F /* Resources */ = {
			isa = PBXResourcesBuildPhase;
			buildActionMask = 2147483647;
			files = (
				3DE9631B1E2E81E4006F280F /* LaunchScreen.storyboard in Resources */,
				3DE963181E2E81E4006F280F /* Assets.xcassets in Resources */,
				3DE963161E2E81E4006F280F /* Main.storyboard in Resources */,
			);
			runOnlyForDeploymentPostprocessing = 0;
		};
		3DE9631F1E2E81E4006F280F /* Resources */ = {
			isa = PBXResourcesBuildPhase;
			buildActionMask = 2147483647;
			files = (
			);
			runOnlyForDeploymentPostprocessing = 0;
		};
		3DE9632A1E2E81E4006F280F /* Resources */ = {
			isa = PBXResourcesBuildPhase;
			buildActionMask = 2147483647;
			files = (
			);
			runOnlyForDeploymentPostprocessing = 0;
		};
/* End PBXResourcesBuildPhase section */

/* Begin PBXSourcesBuildPhase section */
		3DE963071E2E81E4006F280F /* Sources */ = {
			isa = PBXSourcesBuildPhase;
			buildActionMask = 2147483647;
			files = (
				3DE963131E2E81E4006F280F /* GameViewController.swift in Sources */,
				3DE9630F1E2E81E4006F280F /* AppDelegate.swift in Sources */,
			);
			runOnlyForDeploymentPostprocessing = 0;
		};
		3DE9631D1E2E81E4006F280F /* Sources */ = {
			isa = PBXSourcesBuildPhase;
			buildActionMask = 2147483647;
			files = (
				3DE963261E2E81E4006F280F /* PR_3_Simple3DGame_Tests.swift in Sources */,
			);
			runOnlyForDeploymentPostprocessing = 0;
		};
		3DE963281E2E81E4006F280F /* Sources */ = {
			isa = PBXSourcesBuildPhase;
			buildActionMask = 2147483647;
			files = (
				3DE963311E2E81E4006F280F /* PR_3_Simple3DGame_UITests.swift in Sources */,
			);
			runOnlyForDeploymentPostprocessing = 0;
		};
/* End PBXSourcesBuildPhase section */

/* Begin PBXTargetDependency section */
		3DE963231E2E81E4006F280F /* PBXTargetDependency */ = {
			isa = PBXTargetDependency;
			target = 3DE9630A1E2E81E4006F280F /* PR_3(Simple3DGame) */;
			targetProxy = 3DE963221E2E81E4006F280F /* PBXContainerItemProxy */;
		};
		3DE9632E1E2E81E4006F280F /* PBXTargetDependency */ = {
			isa = PBXTargetDependency;
			target = 3DE9630A1E2E81E4006F280F /* PR_3(Simple3DGame) */;
			targetProxy = 3DE9632D1E2E81E4006F280F /* PBXContainerItemProxy */;
		};
/* End PBXTargetDependency section */

/* Begin PBXVariantGroup section */
		3DE963141E2E81E4006F280F /* Main.storyboard */ = {
			isa = PBXVariantGroup;
			children = (
				3DE963151E2E81E4006F280F /* Base */,
			);
			name = Main.storyboard;
			sourceTree = "<group>";
		};
		3DE963191E2E81E4006F280F /* LaunchScreen.storyboard */ = {
			isa = PBXVariantGroup;
			children = (
				3DE9631A1E2E81E4006F280F /* Base */,
			);
			name = LaunchScreen.storyboard;
			sourceTree = "<group>";
		};
/* End PBXVariantGroup section */

/* Begin XCBuildConfiguration section */
		3DE963331E2E81E4006F280F /* Debug */ = {
			isa = XCBuildConfiguration;
			buildSettings = {
				ALWAYS_SEARCH_USER_PATHS = NO;
				CLANG_ANALYZER_NONNULL = YES;
				CLANG_CXX_LANGUAGE_STANDARD = "gnu++0x";
				CLANG_CXX_LIBRARY = "libc++";
				CLANG_ENABLE_MODULES = YES;
				CLANG_ENABLE_OBJC_ARC = YES;
				CLANG_WARN_BOOL_CONVERSION = YES;
				CLANG_WARN_CONSTANT_CONVERSION = YES;
				CLANG_WARN_DIRECT_OBJC_ISA_USAGE = YES_ERROR;
				CLANG_WARN_DOCUMENTATION_COMMENTS = YES;
				CLANG_WARN_EMPTY_BODY = YES;
				CLANG_WARN_ENUM_CONVERSION = YES;
				CLANG_WARN_INFINITE_RECURSION = YES;
				CLANG_WARN_INT_CONVERSION = YES;
				CLANG_WARN_OBJC_ROOT_CLASS = YES_ERROR;
				CLANG_WARN_SUSPICIOUS_MOVE = YES;
				CLANG_WARN_UNREACHABLE_CODE = YES;
				CLANG_WARN__DUPLICATE_METHOD_MATCH = YES;
				"CODE_SIGN_IDENTITY[sdk=iphoneos*]" = "iPhone Developer";
				COPY_PHASE_STRIP = NO;
				DEBUG_INFORMATION_FORMAT = dwarf;
				ENABLE_STRICT_OBJC_MSGSEND = YES;
				ENABLE_TESTABILITY = YES;
				GCC_C_LANGUAGE_STANDARD = gnu99;
				GCC_DYNAMIC_NO_PIC = NO;
				GCC_NO_COMMON_BLOCKS = YES;
				GCC_OPTIMIZATION_LEVEL = 0;
				GCC_PREPROCESSOR_DEFINITIONS = (
					"DEBUG=1",
					"$(inherited)",
				);
				GCC_WARN_64_TO_32_BIT_CONVERSION = YES;
				GCC_WARN_ABOUT_RETURN_TYPE = YES_ERROR;
				GCC_WARN_UNDECLARED_SELECTOR = YES;
				GCC_WARN_UNINITIALIZED_AUTOS = YES_AGGRESSIVE;
				GCC_WARN_UNUSED_FUNCTION = YES;
				GCC_WARN_UNUSED_VARIABLE = YES;
				IPHONEOS_DEPLOYMENT_TARGET = 10.2;
				MTL_ENABLE_DEBUG_INFO = YES;
				ONLY_ACTIVE_ARCH = YES;
				SDKROOT = iphoneos;
				SWIFT_ACTIVE_COMPILATION_CONDITIONS = DEBUG;
				SWIFT_OPTIMIZATION_LEVEL = "-Onone";
			};
			name = Debug;
		};
		3DE963341E2E81E4006F280F /* Release */ = {
			isa = XCBuildConfiguration;
			buildSettings = {
				ALWAYS_SEARCH_USER_PATHS = NO;
				CLANG_ANALYZER_NONNULL = YES;
				CLANG_CXX_LANGUAGE_STANDARD = "gnu++0x";
				CLANG_CXX_LIBRARY = "libc++";
				CLANG_ENABLE_MODULES = YES;
				CLANG_ENABLE_OBJC_ARC = YES;
				CLANG_WARN_BOOL_CONVERSION = YES;
				CLANG_WARN_CONSTANT_CONVERSION = YES;
				CLANG_WARN_DIRECT_OBJC_ISA_USAGE = YES_ERROR;
				CLANG_WARN_DOCUMENTATION_COMMENTS = YES;
				CLANG_WARN_EMPTY_BODY = YES;
				CLANG_WARN_ENUM_CONVERSION = YES;
				CLANG_WARN_INFINITE_RECURSION = YES;
				CLANG_WARN_INT_CONVERSION = YES;
				CLANG_WARN_OBJC_ROOT_CLASS = YES_ERROR;
				CLANG_WARN_SUSPICIOUS_MOVE = YES;
				CLANG_WARN_UNREACHABLE_CODE = YES;
				CLANG_WARN__DUPLICATE_METHOD_MATCH = YES;
				"CODE_SIGN_IDENTITY[sdk=iphoneos*]" = "iPhone Developer";
				COPY_PHASE_STRIP = NO;
				DEBUG_INFORMATION_FORMAT = "dwarf-with-dsym";
				ENABLE_NS_ASSERTIONS = NO;
				ENABLE_STRICT_OBJC_MSGSEND = YES;
				GCC_C_LANGUAGE_STANDARD = gnu99;
				GCC_NO_COMMON_BLOCKS = YES;
				GCC_WARN_64_TO_32_BIT_CONVERSION = YES;
				GCC_WARN_ABOUT_RETURN_TYPE = YES_ERROR;
				GCC_WARN_UNDECLARED_SELECTOR = YES;
				GCC_WARN_UNINITIALIZED_AUTOS = YES_AGGRESSIVE;
				GCC_WARN_UNUSED_FUNCTION = YES;
				GCC_WARN_UNUSED_VARIABLE = YES;
				IPHONEOS_DEPLOYMENT_TARGET = 10.2;
				MTL_ENABLE_DEBUG_INFO = NO;
				SDKROOT = iphoneos;
				SWIFT_OPTIMIZATION_LEVEL = "-Owholemodule";
				VALIDATE_PRODUCT = YES;
			};
			name = Release;
		};
		3DE963361E2E81E4006F280F /* Debug */ = {
			isa = XCBuildConfiguration;
			buildSettings = {
				ASSETCATALOG_COMPILER_APPICON_NAME = AppIcon;
				INFOPLIST_FILE = "PR_3(Simple3DGame)/Info.plist";
				LD_RUNPATH_SEARCH_PATHS = "$(inherited) @executable_path/Frameworks";
				PRODUCT_BUNDLE_IDENTIFIER = "com.lonkeytree.PR-3-Simple3DGame-";
				PRODUCT_NAME = "$(TARGET_NAME)";
				SWIFT_VERSION = 3.0;
			};
			name = Debug;
		};
		3DE963371E2E81E4006F280F /* Release */ = {
			isa = XCBuildConfiguration;
			buildSettings = {
				ASSETCATALOG_COMPILER_APPICON_NAME = AppIcon;
				INFOPLIST_FILE = "PR_3(Simple3DGame)/Info.plist";
				LD_RUNPATH_SEARCH_PATHS = "$(inherited) @executable_path/Frameworks";
				PRODUCT_BUNDLE_IDENTIFIER = "com.lonkeytree.PR-3-Simple3DGame-";
				PRODUCT_NAME = "$(TARGET_NAME)";
				SWIFT_VERSION = 3.0;
			};
			name = Release;
		};
		3DE963391E2E81E4006F280F /* Debug */ = {
			isa = XCBuildConfiguration;
			buildSettings = {
				ALWAYS_EMBED_SWIFT_STANDARD_LIBRARIES = YES;
				BUNDLE_LOADER = "$(TEST_HOST)";
				INFOPLIST_FILE = "PR_3(Simple3DGame)Tests/Info.plist";
				LD_RUNPATH_SEARCH_PATHS = "$(inherited) @executable_path/Frameworks @loader_path/Frameworks";
				PRODUCT_BUNDLE_IDENTIFIER = "com.lonkeytree.PR-3-Simple3DGame-Tests";
				PRODUCT_NAME = "$(TARGET_NAME)";
				SWIFT_VERSION = 3.0;
				TEST_HOST = "$(BUILT_PRODUCTS_DIR)/PR_3(Simple3DGame).app/PR_3(Simple3DGame)";
			};
			name = Debug;
		};
		3DE9633A1E2E81E4006F280F /* Release */ = {
			isa = XCBuildConfiguration;
			buildSettings = {
				ALWAYS_EMBED_SWIFT_STANDARD_LIBRARIES = YES;
				BUNDLE_LOADER = "$(TEST_HOST)";
				INFOPLIST_FILE = "PR_3(Simple3DGame)Tests/Info.plist";
				LD_RUNPATH_SEARCH_PATHS = "$(inherited) @executable_path/Frameworks @loader_path/Frameworks";
				PRODUCT_BUNDLE_IDENTIFIER = "com.lonkeytree.PR-3-Simple3DGame-Tests";
				PRODUCT_NAME = "$(TARGET_NAME)";
				SWIFT_VERSION = 3.0;
				TEST_HOST = "$(BUILT_PRODUCTS_DIR)/PR_3(Simple3DGame).app/PR_3(Simple3DGame)";
			};
			name = Release;
		};
		3DE9633C1E2E81E4006F280F /* Debug */ = {
			isa = XCBuildConfiguration;
			buildSettings = {
				ALWAYS_EMBED_SWIFT_STANDARD_LIBRARIES = YES;
				INFOPLIST_FILE = "PR_3(Simple3DGame)UITests/Info.plist";
				LD_RUNPATH_SEARCH_PATHS = "$(inherited) @executable_path/Frameworks @loader_path/Frameworks";
				PRODUCT_BUNDLE_IDENTIFIER = "com.lonkeytree.PR-3-Simple3DGame-UITests";
				PRODUCT_NAME = "$(TARGET_NAME)";
				SWIFT_VERSION = 3.0;
				TEST_TARGET_NAME = "PR_3(Simple3DGame)";
			};
			name = Debug;
		};
		3DE9633D1E2E81E4006F280F /* Release */ = {
			isa = XCBuildConfiguration;
			buildSettings = {
				ALWAYS_EMBED_SWIFT_STANDARD_LIBRARIES = YES;
				INFOPLIST_FILE = "PR_3(Simple3DGame)UITests/Info.plist";
				LD_RUNPATH_SEARCH_PATHS = "$(inherited) @executable_path/Frameworks @loader_path/Frameworks";
				PRODUCT_BUNDLE_IDENTIFIER = "com.lonkeytree.PR-3-Simple3DGame-UITests";
				PRODUCT_NAME = "$(TARGET_NAME)";
				SWIFT_VERSION = 3.0;
				TEST_TARGET_NAME = "PR_3(Simple3DGame)";
			};
			name = Release;
		};
/* End XCBuildConfiguration section */

/* Begin XCConfigurationList section */
		3DE963061E2E81E4006F280F /* Build configuration list for PBXProject "PR_3(Simple3DGame)" */ = {
			isa = XCConfigurationList;
			buildConfigurations = (
				3DE963331E2E81E4006F280F /* Debug */,
				3DE963341E2E81E4006F280F /* Release */,
			);
			defaultConfigurationIsVisible = 0;
			defaultConfigurationName = Release;
		};
		3DE963351E2E81E4006F280F /* Build configuration list for PBXNativeTarget "PR_3(Simple3DGame)" */ = {
			isa = XCConfigurationList;
			buildConfigurations = (
				3DE963361E2E81E4006F280F /* Debug */,
				3DE963371E2E81E4006F280F /* Release */,
			);
			defaultConfigurationIsVisible = 0;
		};
		3DE963381E2E81E4006F280F /* Build configuration list for PBXNativeTarget "PR_3(Simple3DGame)Tests" */ = {
			isa = XCConfigurationList;
			buildConfigurations = (
				3DE963391E2E81E4006F280F /* Debug */,
				3DE9633A1E2E81E4006F280F /* Release */,
			);
			defaultConfigurationIsVisible = 0;
		};
		3DE9633B1E2E81E4006F280F /* Build configuration list for PBXNativeTarget "PR_3(Simple3DGame)UITests" */ = {
			isa = XCConfigurationList;
			buildConfigurations = (
				3DE9633C1E2E81E4006F280F /* Debug */,
				3DE9633D1E2E81E4006F280F /* Release */,
			);
			defaultConfigurationIsVisible = 0;
		};
/* End XCConfigurationList section */
	};
	rootObject = 3DE963031E2E81E4006F280F /* Project object */;
}
