// !$*UTF8*$!
{
	archiveVersion = 1;
	classes = {
	};
	objectVersion = 46;
	objects = {

/* Begin PBXBuildFile section */
		3D35FB721E15055200AB746F /* Programmer.m in Sources */ = {isa = PBXBuildFile; fileRef = 3D35FB711E15055200AB746F /* Programmer.m */; };
		3D9313B91E13985C00EABE95 /* main.m in Sources */ = {isa = PBXBuildFile; fileRef = 3D9313B81E13985C00EABE95 /* main.m */; };
		3D9313C11E13988C00EABE95 /* House.m in Sources */ = {isa = PBXBuildFile; fileRef = 3D9313C01E13988C00EABE95 /* House.m */; };
		3D9313C41E1398C200EABE95 /* Person.m in Sources */ = {isa = PBXBuildFile; fileRef = 3D9313C31E1398C200EABE95 /* Person.m */; };
/* End PBXBuildFile section */

/* Begin PBXCopyFilesBuildPhase section */
		3D9313B31E13985C00EABE95 /* CopyFiles */ = {
			isa = PBXCopyFilesBuildPhase;
			buildActionMask = 2147483647;
			dstPath = /usr/share/man/man1/;
			dstSubfolderSpec = 0;
			files = (
			);
			runOnlyForDeploymentPostprocessing = 1;
		};
/* End PBXCopyFilesBuildPhase section */

/* Begin PBXFileReference section */
		3D35FB701E15055200AB746F /* Programmer.h */ = {isa = PBXFileReference; fileEncoding = 4; lastKnownFileType = sourcecode.c.h; path = Programmer.h; sourceTree = "<group>"; };
		3D35FB711E15055200AB746F /* Programmer.m */ = {isa = PBXFileReference; fileEncoding = 4; lastKnownFileType = sourcecode.c.objc; path = Programmer.m; sourceTree = "<group>"; };
		3D9313B51E13985C00EABE95 /* PR_1 */ = {isa = PBXFileReference; explicitFileType = "compiled.mach-o.executable"; includeInIndex = 0; path = PR_1; sourceTree = BUILT_PRODUCTS_DIR; };
		3D9313B81E13985C00EABE95 /* main.m */ = {isa = PBXFileReference; lastKnownFileType = sourcecode.c.objc; path = main.m; sourceTree = "<group>"; };
		3D9313BF1E13988C00EABE95 /* House.h */ = {isa = PBXFileReference; fileEncoding = 4; lastKnownFileType = sourcecode.c.h; path = House.h; sourceTree = "<group>"; };
		3D9313C01E13988C00EABE95 /* House.m */ = {isa = PBXFileReference; fileEncoding = 4; lastKnownFileType = sourcecode.c.objc; path = House.m; sourceTree = "<group>"; };
		3D9313C21E1398C200EABE95 /* Person.h */ = {isa = PBXFileReference; fileEncoding = 4; lastKnownFileType = sourcecode.c.h; path = Person.h; sourceTree = "<group>"; };
		3D9313C31E1398C200EABE95 /* Person.m */ = {isa = PBXFileReference; fileEncoding = 4; lastKnownFileType = sourcecode.c.objc; path = Person.m; sourceTree = "<group>"; };
/* End PBXFileReference section */

/* Begin PBXFrameworksBuildPhase section */
		3D9313B21E13985C00EABE95 /* Frameworks */ = {
			isa = PBXFrameworksBuildPhase;
			buildActionMask = 2147483647;
			files = (
			);
			runOnlyForDeploymentPostprocessing = 0;
		};
/* End PBXFrameworksBuildPhase section */

/* Begin PBXGroup section */
		3D9313AC1E13985C00EABE95 = {
			isa = PBXGroup;
			children = (
				3D9313B71E13985C00EABE95 /* PR_1 */,
				3D9313B61E13985C00EABE95 /* Products */,
			);
			sourceTree = "<group>";
		};
		3D9313B61E13985C00EABE95 /* Products */ = {
			isa = PBXGroup;
			children = (
				3D9313B51E13985C00EABE95 /* PR_1 */,
			);
			name = Products;
			sourceTree = "<group>";
		};
		3D9313B71E13985C00EABE95 /* PR_1 */ = {
			isa = PBXGroup;
			children = (
				3D9313B81E13985C00EABE95 /* main.m */,
				3D9313C21E1398C200EABE95 /* Person.h */,
				3D9313C31E1398C200EABE95 /* Person.m */,
				3D9313BF1E13988C00EABE95 /* House.h */,
				3D9313C01E13988C00EABE95 /* House.m */,
				3D35FB701E15055200AB746F /* Programmer.h */,
				3D35FB711E15055200AB746F /* Programmer.m */,
			);
			path = PR_1;
			sourceTree = "<group>";
		};
/* End PBXGroup section */

/* Begin PBXNativeTarget section */
		3D9313B41E13985C00EABE95 /* PR_1 */ = {
			isa = PBXNativeTarget;
			buildConfigurationList = 3D9313BC1E13985C00EABE95 /* Build configuration list for PBXNativeTarget "PR_1" */;
			buildPhases = (
				3D9313B11E13985C00EABE95 /* Sources */,
				3D9313B21E13985C00EABE95 /* Frameworks */,
				3D9313B31E13985C00EABE95 /* CopyFiles */,
			);
			buildRules = (
			);
			dependencies = (
			);
			name = PR_1;
			productName = PR_1;
			productReference = 3D9313B51E13985C00EABE95 /* PR_1 */;
			productType = "com.apple.product-type.tool";
		};
/* End PBXNativeTarget section */

/* Begin PBXProject section */
		3D9313AD1E13985C00EABE95 /* Project object */ = {
			isa = PBXProject;
			attributes = {
				LastUpgradeCheck = 0820;
				ORGANIZATIONNAME = "Lonley Tree Std.";
				TargetAttributes = {
					3D9313B41E13985C00EABE95 = {
						CreatedOnToolsVersion = 8.2;
						ProvisioningStyle = Automatic;
					};
				};
			};
			buildConfigurationList = 3D9313B01E13985C00EABE95 /* Build configuration list for PBXProject "PR_1" */;
			compatibilityVersion = "Xcode 3.2";
			developmentRegion = English;
			hasScannedForEncodings = 0;
			knownRegions = (
				en,
			);
			mainGroup = 3D9313AC1E13985C00EABE95;
			productRefGroup = 3D9313B61E13985C00EABE95 /* Products */;
			projectDirPath = "";
			projectRoot = "";
			targets = (
				3D9313B41E13985C00EABE95 /* PR_1 */,
			);
		};
/* End PBXProject section */

/* Begin PBXSourcesBuildPhase section */
		3D9313B11E13985C00EABE95 /* Sources */ = {
			isa = PBXSourcesBuildPhase;
			buildActionMask = 2147483647;
			files = (
				3D9313C41E1398C200EABE95 /* Person.m in Sources */,
				3D9313C11E13988C00EABE95 /* House.m in Sources */,
				3D9313B91E13985C00EABE95 /* main.m in Sources */,
				3D35FB721E15055200AB746F /* Programmer.m in Sources */,
			);
			runOnlyForDeploymentPostprocessing = 0;
		};
/* End PBXSourcesBuildPhase section */

/* Begin XCBuildConfiguration section */
		3D9313BA1E13985C00EABE95 /* Debug */ = {
			isa = XCBuildConfiguration;
			buildSettings = {
				ALWAYS_SEARCH_USER_PATHS = NO;
				CLANG_ANALYZER_NONNULL = YES;
				CLANG_CXX_LANGUAGE_STANDARD = "gnu++0x";
				CLANG_CXX_LIBRARY = "libc++";
				CLANG_ENABLE_MODULES = YES;
				CLANG_ENABLE_OBJC_ARC = YES;
				CLANG_WARN_BOOL_CONVERSION = YES;
				CLANG_WARN_CONSTANT_CONVERSION = YES;
				CLANG_WARN_DIRECT_OBJC_ISA_USAGE = YES_ERROR;
				CLANG_WARN_DOCUMENTATION_COMMENTS = YES;
				CLANG_WARN_EMPTY_BODY = YES;
				CLANG_WARN_ENUM_CONVERSION = YES;
				CLANG_WARN_INFINITE_RECURSION = YES;
				CLANG_WARN_INT_CONVERSION = YES;
				CLANG_WARN_OBJC_ROOT_CLASS = YES_ERROR;
				CLANG_WARN_SUSPICIOUS_MOVE = YES;
				CLANG_WARN_UNREACHABLE_CODE = YES;
				CLANG_WARN__DUPLICATE_METHOD_MATCH = YES;
				CODE_SIGN_IDENTITY = "-";
				COPY_PHASE_STRIP = NO;
				DEBUG_INFORMATION_FORMAT = dwarf;
				ENABLE_STRICT_OBJC_MSGSEND = YES;
				ENABLE_TESTABILITY = YES;
				GCC_C_LANGUAGE_STANDARD = gnu99;
				GCC_DYNAMIC_NO_PIC = NO;
				GCC_NO_COMMON_BLOCKS = YES;
				GCC_OPTIMIZATION_LEVEL = 0;
				GCC_PREPROCESSOR_DEFINITIONS = (
					"DEBUG=1",
					"$(inherited)",
				);
				GCC_WARN_64_TO_32_BIT_CONVERSION = YES;
				GCC_WARN_ABOUT_RETURN_TYPE = YES_ERROR;
				GCC_WARN_UNDECLARED_SELECTOR = YES;
				GCC_WARN_UNINITIALIZED_AUTOS = YES_AGGRESSIVE;
				GCC_WARN_UNUSED_FUNCTION = YES;
				GCC_WARN_UNUSED_VARIABLE = YES;
				MACOSX_DEPLOYMENT_TARGET = 10.12;
				MTL_ENABLE_DEBUG_INFO = YES;
				ONLY_ACTIVE_ARCH = YES;
				SDKROOT = macosx;
			};
			name = Debug;
		};
		3D9313BB1E13985C00EABE95 /* Release */ = {
			isa = XCBuildConfiguration;
			buildSettings = {
				ALWAYS_SEARCH_USER_PATHS = NO;
				CLANG_ANALYZER_NONNULL = YES;
				CLANG_CXX_LANGUAGE_STANDARD = "gnu++0x";
				CLANG_CXX_LIBRARY = "libc++";
				CLANG_ENABLE_MODULES = YES;
				CLANG_ENABLE_OBJC_ARC = YES;
				CLANG_WARN_BOOL_CONVERSION = YES;
				CLANG_WARN_CONSTANT_CONVERSION = YES;
				CLANG_WARN_DIRECT_OBJC_ISA_USAGE = YES_ERROR;
				CLANG_WARN_DOCUMENTATION_COMMENTS = YES;
				CLANG_WARN_EMPTY_BODY = YES;
				CLANG_WARN_ENUM_CONVERSION = YES;
				CLANG_WARN_INFINITE_RECURSION = YES;
				CLANG_WARN_INT_CONVERSION = YES;
				CLANG_WARN_OBJC_ROOT_CLASS = YES_ERROR;
				CLANG_WARN_SUSPICIOUS_MOVE = YES;
				CLANG_WARN_UNREACHABLE_CODE = YES;
				CLANG_WARN__DUPLICATE_METHOD_MATCH = YES;
				CODE_SIGN_IDENTITY = "-";
				COPY_PHASE_STRIP = NO;
				DEBUG_INFORMATION_FORMAT = "dwarf-with-dsym";
				ENABLE_NS_ASSERTIONS = NO;
				ENABLE_STRICT_OBJC_MSGSEND = YES;
				GCC_C_LANGUAGE_STANDARD = gnu99;
				GCC_NO_COMMON_BLOCKS = YES;
				GCC_WARN_64_TO_32_BIT_CONVERSION = YES;
				GCC_WARN_ABOUT_RETURN_TYPE = YES_ERROR;
				GCC_WARN_UNDECLARED_SELECTOR = YES;
				GCC_WARN_UNINITIALIZED_AUTOS = YES_AGGRESSIVE;
				GCC_WARN_UNUSED_FUNCTION = YES;
				GCC_WARN_UNUSED_VARIABLE = YES;
				MACOSX_DEPLOYMENT_TARGET = 10.12;
				MTL_ENABLE_DEBUG_INFO = NO;
				SDKROOT = macosx;
			};
			name = Release;
		};
		3D9313BD1E13985C00EABE95 /* Debug */ = {
			isa = XCBuildConfiguration;
			buildSettings = {
				PRODUCT_NAME = "$(TARGET_NAME)";
			};
			name = Debug;
		};
		3D9313BE1E13985C00EABE95 /* Release */ = {
			isa = XCBuildConfiguration;
			buildSettings = {
				PRODUCT_NAME = "$(TARGET_NAME)";
			};
			name = Release;
		};
/* End XCBuildConfiguration section */

/* Begin XCConfigurationList section */
		3D9313B01E13985C00EABE95 /* Build configuration list for PBXProject "PR_1" */ = {
			isa = XCConfigurationList;
			buildConfigurations = (
				3D9313BA1E13985C00EABE95 /* Debug */,
				3D9313BB1E13985C00EABE95 /* Release */,
			);
			defaultConfigurationIsVisible = 0;
			defaultConfigurationName = Release;
		};
		3D9313BC1E13985C00EABE95 /* Build configuration list for PBXNativeTarget "PR_1" */ = {
			isa = XCConfigurationList;
			buildConfigurations = (
				3D9313BD1E13985C00EABE95 /* Debug */,
				3D9313BE1E13985C00EABE95 /* Release */,
			);
			defaultConfigurationIsVisible = 0;
			defaultConfigurationName = Release;
		};
/* End XCConfigurationList section */
	};
	rootObject = 3D9313AD1E13985C00EABE95 /* Project object */;
}
